<?xml version="1.0" encoding="utf-8"?>
<Project ToolsVersion="4.0" xmlns="http://schemas.microsoft.com/developer/msbuild/2003">
  <ItemGroup>
    <Filter Include="源文件">
      <UniqueIdentifier>{4FC737F1-C7A5-4376-A066-2A32D752A2FF}</UniqueIdentifier>
      <Extensions>cpp;c;cc;cxx;def;odl;idl;hpj;bat;asm;asmx</Extensions>
    </Filter>
    <Filter Include="头文件">
      <UniqueIdentifier>{93995380-89BD-4b04-88EB-625FBE52EBFB}</UniqueIdentifier>
      <Extensions>h;hh;hpp;hxx;hm;inl;inc;xsd</Extensions>
    </Filter>
    <Filter Include="资源文件">
      <UniqueIdentifier>{67DA6AB6-F800-4c08-8B7A-83BB121AAD01}</UniqueIdentifier>
      <Extensions>rc;ico;cur;bmp;dlg;rc2;rct;bin;rgs;gif;jpg;jpeg;jpe;resx;tiff;tif;png;wav;mfcribbon-ms</Extensions>
    </Filter>
    <Filter Include="生成的文件">
      <UniqueIdentifier>{b62ffc06-73d2-4c8b-8d61-18792baf9dac}</UniqueIdentifier>
      <SourceControlFiles>False</SourceControlFiles>
    </Filter>
    <Filter Include="sys">
      <UniqueIdentifier>{79172ae1-30d0-45d1-892c-aac24e0a64ea}</UniqueIdentifier>
    </Filter>
    <Filter Include="sys\tson">
      <UniqueIdentifier>{3a7675ce-9758-4ea0-9591-77fe22d6a723}</UniqueIdentifier>
    </Filter>
    <Filter Include="sys\model">
      <UniqueIdentifier>{c4c54cc8-2eef-4586-945f-ab24d7281573}</UniqueIdentifier>
    </Filter>
    <Filter Include="sys\redis">
      <UniqueIdentifier>{af269868-7375-48aa-95de-e7472e1c9685}</UniqueIdentifier>
    </Filter>
    <Filter Include="sys\lock">
      <UniqueIdentifier>{add955b1-f09a-4c85-b9d8-7256b1ff8dbc}</UniqueIdentifier>
    </Filter>
    <Filter Include="sys\log">
      <UniqueIdentifier>{a741445b-4236-4fcf-9cfa-d4c186426086}</UniqueIdentifier>
    </Filter>
    <Filter Include="sys\cfg">
      <UniqueIdentifier>{4b057051-e1ac-491b-a59d-70b03ed4e86b}</UniqueIdentifier>
    </Filter>
    <Filter Include="net_cmd">
      <UniqueIdentifier>{f2c58acd-1be2-41ee-aa0b-b23f6c931509}</UniqueIdentifier>
    </Filter>
    <Filter Include="net_cmd\sharp">
      <UniqueIdentifier>{3dee7a2a-bad9-4240-814c-95173a02b9d2}</UniqueIdentifier>
    </Filter>
    <Filter Include="net_cmd\api">
      <UniqueIdentifier>{c7cb55e8-7a9b-463d-8157-c7d3a6d50089}</UniqueIdentifier>
    </Filter>
    <Filter Include="net_cmd\notify">
      <UniqueIdentifier>{39281184-6e58-45de-b954-34a47a256821}</UniqueIdentifier>
    </Filter>
    <Filter Include="net_cmd\vote">
      <UniqueIdentifier>{2b94910e-f5ec-47a0-8455-24a1d7ea5213}</UniqueIdentifier>
    </Filter>
    <Filter Include="net_cmd\base">
      <UniqueIdentifier>{27b7d602-8fe3-4d77-867c-9800c0b61452}</UniqueIdentifier>
    </Filter>
    <Filter Include="net_cmd\dispatcher">
      <UniqueIdentifier>{7a8c6b00-dfef-4aaf-b0b6-439c784efaae}</UniqueIdentifier>
    </Filter>
    <Filter Include="net_cmd\MQ">
      <UniqueIdentifier>{4c0b2b6b-5685-4bac-8207-1cceccdd7296}</UniqueIdentifier>
    </Filter>
  </ItemGroup>
  <ItemGroup>
    <ClCompile Include="stdafx.cpp">
      <Filter>源文件</Filter>
    </ClCompile>
    <ClCompile Include="ZeroNetService.cpp">
      <Filter>源文件</Filter>
    </ClCompile>
    <ClCompile Include="ZeroNetService_i.c">
      <Filter>生成的文件</Filter>
    </ClCompile>
    <ClCompile Include="..\SharpCode\redis\TransRedis.cpp">
      <Filter>sys\redis</Filter>
    </ClCompile>
    <ClCompile Include="..\SharpCode\SimpleEvent.cpp">
      <Filter>sys\lock</Filter>
    </ClCompile>
    <ClCompile Include="..\SharpCode\log\mylogger.cpp">
      <Filter>sys\log</Filter>
    </ClCompile>
    <ClCompile Include="..\SharpCode\cfg\config.cpp">
      <Filter>sys\cfg</Filter>
    </ClCompile>
    <ClCompile Include="..\SharpCode\NetCommand\command_crc.cpp">
      <Filter>net_cmd\sharp</Filter>
    </ClCompile>
    <ClCompile Include="..\SharpCode\NetCommand\net_command.cpp">
      <Filter>net_cmd\sharp</Filter>
    </ClCompile>
    <ClCompile Include="..\SharpCode\NetCommand\zmq_monitor.cpp">
      <Filter>net_cmd\sharp</Filter>
    </ClCompile>
    <ClCompile Include="..\SharpCode\NetCommand\ApiStation.cpp">
      <Filter>net_cmd\api</Filter>
    </ClCompile>
    <ClCompile Include="..\sharpcode\NetCommand\BroadcastingStation.cpp">
      <Filter>net_cmd\notify</Filter>
    </ClCompile>
    <ClCompile Include="..\SharpCode\NetCommand\VoteStation.cpp">
      <Filter>net_cmd\vote</Filter>
    </ClCompile>
    <ClCompile Include="..\SharpCode\NetCommand\message_plan.cpp">
      <Filter>net_cmd\base</Filter>
    </ClCompile>
    <ClCompile Include="..\SharpCode\NetCommand\StationWarehouse.cpp">
      <Filter>net_cmd\base</Filter>
    </ClCompile>
    <ClCompile Include="..\SharpCode\NetCommand\ZeroStation.cpp">
      <Filter>net_cmd\base</Filter>
    </ClCompile>
    <ClCompile Include="..\SharpCode\NetCommand\NetDispatcher.cpp">
      <Filter>net_cmd\dispatcher</Filter>
    </ClCompile>
  </ItemGroup>
  <ItemGroup>
    <ClInclude Include="targetver.h">
      <Filter>头文件</Filter>
    </ClInclude>
    <ClInclude Include="Resource.h">
      <Filter>头文件</Filter>
    </ClInclude>
    <ClInclude Include="ZeroNetService_i.h">
      <Filter>生成的文件</Filter>
    </ClInclude>
    <ClInclude Include="..\SharpCode\tm_extend.h">
      <Filter>sys</Filter>
    </ClInclude>
    <ClInclude Include="..\SharpCode\Tson\tson_def.h">
      <Filter>sys\tson</Filter>
    </ClInclude>
    <ClInclude Include="..\SharpCode\Tson\tson_deserializer.h">
      <Filter>sys\tson</Filter>
    </ClInclude>
    <ClInclude Include="..\SharpCode\Tson\tson_serializer.h">
      <Filter>sys\tson</Filter>
    </ClInclude>
    <ClInclude Include="..\SharpCode\mydecimal.h">
      <Filter>sys\model</Filter>
    </ClInclude>
    <ClInclude Include="..\SharpCode\redis\redis.h">
      <Filter>sys\redis</Filter>
    </ClInclude>
    <ClInclude Include="..\SharpCode\redis\TransRedis.h">
      <Filter>sys\redis</Filter>
    </ClInclude>
    <ClInclude Include="..\SharpCode\SimpleEvent.h">
      <Filter>sys\lock</Filter>
    </ClInclude>
    <ClInclude Include="..\SharpCode\log\mylogger.h">
      <Filter>sys\log</Filter>
    </ClInclude>
    <ClInclude Include="..\SharpCode\cfg\config.h">
      <Filter>sys\cfg</Filter>
    </ClInclude>
    <ClInclude Include="..\SharpCode\rpc\CRpcService.h">
      <Filter>net_cmd</Filter>
    </ClInclude>
    <ClInclude Include="..\SharpCode\NetCommand\net_command.h">
      <Filter>net_cmd\sharp</Filter>
    </ClInclude>
    <ClInclude Include="..\SharpCode\NetCommand\ApiStation.h">
      <Filter>net_cmd\api</Filter>
    </ClInclude>
    <ClInclude Include="..\sharpcode\NetCommand\BroadcastingStation.h">
      <Filter>net_cmd\notify</Filter>
    </ClInclude>
    <ClInclude Include="..\SharpCode\NetCommand\VoteStation.h">
      <Filter>net_cmd\vote</Filter>
    </ClInclude>
    <ClInclude Include="..\SharpCode\NetCommand\BalanceStation.h">
      <Filter>net_cmd\base</Filter>
    </ClInclude>
    <ClInclude Include="..\SharpCode\NetCommand\ZeroStation.h">
      <Filter>net_cmd\base</Filter>
    </ClInclude>
    <ClInclude Include="..\SharpCode\NetCommand\StationWarehouse.h">
      <Filter>net_cmd\base</Filter>
    </ClInclude>
    <ClInclude Include="..\SharpCode\NetCommand\zmq_extend.h">
      <Filter>net_cmd\base</Filter>
    </ClInclude>
    <ClInclude Include="..\SharpCode\sharp_char.h">
      <Filter>net_cmd\base</Filter>
    </ClInclude>
    <ClInclude Include="..\SharpCode\NetCommand\NetDispatcher.h">
      <Filter>net_cmd\dispatcher</Filter>
    </ClInclude>
  </ItemGroup>
  <ItemGroup>
    <ResourceCompile Include="ZeroNetService.rc">
      <Filter>资源文件</Filter>
    </ResourceCompile>
  </ItemGroup>
  <ItemGroup>
    <Text Include="ReadMe.txt" />
  </ItemGroup>
  <ItemGroup>
    <None Include="ZeroNetService.rgs">
      <Filter>资源文件</Filter>
    </None>
  </ItemGroup>
  <ItemGroup>
    <Midl Include="ZeroNetService.idl">
      <Filter>源文件</Filter>
    </Midl>
  </ItemGroup>
</Project>