<?xml version="1.0" encoding="utf-8"?>
<Project ToolsVersion="4.0" xmlns="http://schemas.microsoft.com/developer/msbuild/2003">
  <ItemGroup>
    <Filter Include="源文件">
      <UniqueIdentifier>{4FC737F1-C7A5-4376-A066-2A32D752A2FF}</UniqueIdentifier>
      <Extensions>cpp;c;cc;cxx;def;odl;idl;hpj;bat;asm;asmx</Extensions>
    </Filter>
    <Filter Include="头文件">
      <UniqueIdentifier>{93995380-89BD-4b04-88EB-625FBE52EBFB}</UniqueIdentifier>
      <Extensions>h;hh;hpp;hxx;hm;inl;inc;xsd</Extensions>
    </Filter>
    <Filter Include="资源文件">
      <UniqueIdentifier>{67DA6AB6-F800-4c08-8B7A-83BB121AAD01}</UniqueIdentifier>
      <Extensions>rc;ico;cur;bmp;dlg;rc2;rct;bin;rgs;gif;jpg;jpeg;jpe;resx;tiff;tif;png;wav;mfcribbon-ms</Extensions>
    </Filter>
    <Filter Include="sys">
      <UniqueIdentifier>{42c1d61c-0e77-4761-9645-8214c6976ae2}</UniqueIdentifier>
    </Filter>
    <Filter Include="sys\net_cmd">
      <UniqueIdentifier>{8f194ee2-b34a-45ea-bd93-102a50bff2be}</UniqueIdentifier>
    </Filter>
    <Filter Include="sys\net_cmd\sharp">
      <UniqueIdentifier>{e6b24755-be55-4d36-b7ee-b297bd4f53a1}</UniqueIdentifier>
    </Filter>
    <Filter Include="sys\tson">
      <UniqueIdentifier>{e756b97c-7436-4dff-a95d-28324bbb74f2}</UniqueIdentifier>
    </Filter>
    <Filter Include="sys\model">
      <UniqueIdentifier>{6ebfb74e-f77f-415a-802d-6e860219ac51}</UniqueIdentifier>
    </Filter>
    <Filter Include="sys\redis">
      <UniqueIdentifier>{74d6ab0d-ffc5-4b5b-aecc-2f702db1d183}</UniqueIdentifier>
    </Filter>
    <Filter Include="sys\lock">
      <UniqueIdentifier>{d3ccf8b4-4895-49d1-b61f-6d4f79568b73}</UniqueIdentifier>
    </Filter>
    <Filter Include="sys\log">
      <UniqueIdentifier>{4483f9c0-9a2b-4c5a-8596-23dfccfc7a16}</UniqueIdentifier>
    </Filter>
    <Filter Include="sys\cfg">
      <UniqueIdentifier>{1084aa72-d37f-4621-a4ca-6d9da3ed1f52}</UniqueIdentifier>
    </Filter>
    <Filter Include="sys\net_cmd\api">
      <UniqueIdentifier>{e336a74d-efed-4638-a212-f071cd14f3db}</UniqueIdentifier>
    </Filter>
    <Filter Include="sys\net_cmd\notify">
      <UniqueIdentifier>{ac451bbb-4dc9-4e3d-80a4-b59cf0fdc4e7}</UniqueIdentifier>
    </Filter>
    <Filter Include="sys\net_cmd\vote">
      <UniqueIdentifier>{1313c213-b967-4e11-871c-1af7c5c93720}</UniqueIdentifier>
    </Filter>
    <Filter Include="sys\net_cmd\base">
      <UniqueIdentifier>{9acc0348-03c0-45b1-8a1d-a74ca8e01f9c}</UniqueIdentifier>
    </Filter>
    <Filter Include="sys\net_cmd\dispatcher">
      <UniqueIdentifier>{6bba6483-3314-4a1d-9599-86c60b6f58ea}</UniqueIdentifier>
    </Filter>
    <Filter Include="sys\net_cmd\MQ">
      <UniqueIdentifier>{300914ce-f169-44bb-a1d2-cdc9485158d8}</UniqueIdentifier>
    </Filter>
  </ItemGroup>
  <ItemGroup>
    <ClCompile Include="stdafx.cpp">
      <Filter>源文件</Filter>
    </ClCompile>
    <ClCompile Include="..\SharpCode\NetCommand\command_crc.cpp">
      <Filter>sys\net_cmd\sharp</Filter>
    </ClCompile>
    <ClCompile Include="..\SharpCode\NetCommand\net_command.cpp">
      <Filter>sys\net_cmd\sharp</Filter>
    </ClCompile>
    <ClCompile Include="..\SharpCode\NetCommand\zmq_monitor.cpp">
      <Filter>sys\net_cmd\sharp</Filter>
    </ClCompile>
    <ClCompile Include="..\SharpCode\redis\TransRedis.cpp">
      <Filter>sys\redis</Filter>
    </ClCompile>
    <ClCompile Include="..\SharpCode\SimpleEvent.cpp">
      <Filter>sys\lock</Filter>
    </ClCompile>
    <ClCompile Include="..\SharpCode\log\mylogger.cpp">
      <Filter>sys\log</Filter>
    </ClCompile>
    <ClCompile Include="..\SharpCode\cfg\config.cpp">
      <Filter>sys\cfg</Filter>
    </ClCompile>
    <ClCompile Include="..\SharpCode\SysCmdArg\StringArgument.cpp">
      <Filter>sys\net_cmd\MQ</Filter>
    </ClCompile>
    <ClCompile Include="RpcService.cpp">
      <Filter>源文件</Filter>
    </ClCompile>
    <ClCompile Include="..\SharpCode\NetCommand\VoteStation.cpp">
      <Filter>sys\net_cmd\vote</Filter>
    </ClCompile>
    <ClCompile Include="..\SharpCode\NetCommand\ApiStation.cpp">
      <Filter>sys\net_cmd\api</Filter>
    </ClCompile>
    <ClCompile Include="..\SharpCode\NetCommand\NetDispatcher.cpp">
      <Filter>sys\net_cmd\dispatcher</Filter>
    </ClCompile>
    <ClCompile Include="..\sharpcode\NetCommand\BroadcastingStation.cpp">
      <Filter>sys\net_cmd\notify</Filter>
    </ClCompile>
    <ClCompile Include="..\SharpCode\NetCommand\message_plan.cpp">
      <Filter>sys\net_cmd\base</Filter>
    </ClCompile>
    <ClCompile Include="..\SharpCode\NetCommand\StationWarehouse.cpp">
      <Filter>sys\net_cmd\base</Filter>
    </ClCompile>
    <ClCompile Include="..\SharpCode\NetCommand\ZeroStation.cpp">
      <Filter>sys\net_cmd\base</Filter>
    </ClCompile>
  </ItemGroup>
  <ItemGroup>
    <ClInclude Include="stdafx.h">
      <Filter>头文件</Filter>
    </ClInclude>
    <ClInclude Include="targetver.h">
      <Filter>头文件</Filter>
    </ClInclude>
    <ClInclude Include="Resource.h">
      <Filter>头文件</Filter>
    </ClInclude>
    <ClInclude Include="..\SharpCode\boostinc.h">
      <Filter>头文件</Filter>
    </ClInclude>
    <ClInclude Include="..\SharpCode\stdinc.h">
      <Filter>头文件</Filter>
    </ClInclude>
    <ClInclude Include="..\SharpCode\tm_extend.h">
      <Filter>sys</Filter>
    </ClInclude>
    <ClInclude Include="..\SharpCode\NetCommand\command_def.h">
      <Filter>sys\net_cmd\sharp</Filter>
    </ClInclude>
    <ClInclude Include="..\SharpCode\NetCommand\net_command.h">
      <Filter>sys\net_cmd\sharp</Filter>
    </ClInclude>
    <ClInclude Include="..\SharpCode\Tson\tson_def.h">
      <Filter>sys\tson</Filter>
    </ClInclude>
    <ClInclude Include="..\SharpCode\Tson\tson_deserializer.h">
      <Filter>sys\tson</Filter>
    </ClInclude>
    <ClInclude Include="..\SharpCode\Tson\tson_serializer.h">
      <Filter>sys\tson</Filter>
    </ClInclude>
    <ClInclude Include="..\SharpCode\mydecimal.h">
      <Filter>sys\model</Filter>
    </ClInclude>
    <ClInclude Include="..\SharpCode\redis\redis.h">
      <Filter>sys\redis</Filter>
    </ClInclude>
    <ClInclude Include="..\SharpCode\redis\TransRedis.h">
      <Filter>sys\redis</Filter>
    </ClInclude>
    <ClInclude Include="..\SharpCode\SimpleEvent.h">
      <Filter>sys\lock</Filter>
    </ClInclude>
    <ClInclude Include="..\SharpCode\log\mylogger.h">
      <Filter>sys\log</Filter>
    </ClInclude>
    <ClInclude Include="..\SharpCode\cfg\config.h">
      <Filter>sys\cfg</Filter>
    </ClInclude>
    <ClInclude Include="..\SharpCode\redis\entity_redis.h">
      <Filter>sys\net_cmd\MQ</Filter>
    </ClInclude>
    <ClInclude Include="..\SharpCode\SysCmdArg\StringArgument.h">
      <Filter>sys\net_cmd\MQ</Filter>
    </ClInclude>
    <ClInclude Include="..\SharpCode\rpc\CRpcService.h">
      <Filter>sys\net_cmd</Filter>
    </ClInclude>
    <ClInclude Include="..\SharpCode\NetCommand\VoteStation.h">
      <Filter>sys\net_cmd\vote</Filter>
    </ClInclude>
    <ClInclude Include="..\SharpCode\NetCommand\ApiStation.h">
      <Filter>sys\net_cmd\api</Filter>
    </ClInclude>
    <ClInclude Include="..\SharpCode\NetCommand\NetDispatcher.h">
      <Filter>sys\net_cmd\dispatcher</Filter>
    </ClInclude>
    <ClInclude Include="..\sharpcode\NetCommand\BroadcastingStation.h">
      <Filter>sys\net_cmd\notify</Filter>
    </ClInclude>
    <ClInclude Include="..\SharpCode\NetCommand\BalanceStation.h">
      <Filter>sys\net_cmd\base</Filter>
    </ClInclude>
    <ClInclude Include="..\SharpCode\NetCommand\zmq_extend.h">
      <Filter>sys\net_cmd\base</Filter>
    </ClInclude>
    <ClInclude Include="..\SharpCode\sharp_char.h">
      <Filter>sys\net_cmd\base</Filter>
    </ClInclude>
    <ClInclude Include="..\SharpCode\NetCommand\StationWarehouse.h">
      <Filter>sys\net_cmd\base</Filter>
    </ClInclude>
    <ClInclude Include="..\SharpCode\NetCommand\ZeroStation.h">
      <Filter>sys\net_cmd\base</Filter>
    </ClInclude>
  </ItemGroup>
  <ItemGroup>
    <Text Include="ReadMe.txt" />
  </ItemGroup>
  <ItemGroup>
    <None Include="config.json" />
  </ItemGroup>
  <ItemGroup>
    <Midl Include="ZeroCenter.idl">
      <Filter>资源文件</Filter>
    </Midl>
  </ItemGroup>
  <ItemGroup>
    <ResourceCompile Include="ZeroCenter.rc">
      <Filter>资源文件</Filter>
    </ResourceCompile>
  </ItemGroup>
</Project>