
Microsoft Visual Studio Solution File, Format Version 12.00
# Visual Studio 15
VisualStudioVersion = 15.0.27428.2015
MinimumVisualStudioVersion = 10.0.40219.1
Project("{8BC9CEB8-8B4A-11D0-8D11-00A0C91BC942}") = "ZeroCenter", "Console\ZeroCenter.vcxproj", "{A8BEDB4F-4B58-48C3-BAE9-15573C1A14A5}"
EndProject
Project("{8BC9CEB8-8B4A-11D0-8D11-00A0C91BC942}") = "ZeroCenterService", "ZeroNetService\ZeroNetService.vcxproj", "{4E3C54A7-7F19-42C4-BD17-ED841862AD03}"
EndProject
Project("{8BC9CEB8-8B4A-11D0-8D11-00A0C91BC942}") = "ZeroNetServicePS", "ZeroNetService\ZeroNetServicePS.vcxproj", "{0AA59F67-E3EE-4ACB-B0A1-BE3DFB7CD3CE}"
	ProjectSection(ProjectDependencies) = postProject
		{4E3C54A7-7F19-42C4-BD17-ED841862AD03} = {4E3C54A7-7F19-42C4-BD17-ED841862AD03}
	EndProjectSection
EndProject
Project("{8BC9CEB8-8B4A-11D0-8D11-00A0C91BC942}") = "Linux", "Linux\Linux.vcxproj", "{422ED610-E8DC-4287-8B27-52F4C04C9758}"
EndProject
Project("{8BC9CEB8-8B4A-11D0-8D11-00A0C91BC942}") = "LinuxTest", "LinuxTest\LinuxTest.vcxproj", "{126B7AA9-4ABE-430E-8871-B44CB50EFEB0}"
EndProject
Global
	GlobalSection(SolutionConfigurationPlatforms) = preSolution
		Debug|ARM = Debug|ARM
		Debug|x64 = Debug|x64
		Debug|x86 = Debug|x86
		Release|ARM = Release|ARM
		Release|x64 = Release|x64
		Release|x86 = Release|x86
	EndGlobalSection
	GlobalSection(ProjectConfigurationPlatforms) = postSolution
		{A8BEDB4F-4B58-48C3-BAE9-15573C1A14A5}.Debug|ARM.ActiveCfg = Debug|Win32
		{A8BEDB4F-4B58-48C3-BAE9-15573C1A14A5}.Debug|x64.ActiveCfg = Debug|x64
		{A8BEDB4F-4B58-48C3-BAE9-15573C1A14A5}.Debug|x64.Build.0 = Debug|x64
		{A8BEDB4F-4B58-48C3-BAE9-15573C1A14A5}.Debug|x86.ActiveCfg = Debug|Win32
		{A8BEDB4F-4B58-48C3-BAE9-15573C1A14A5}.Debug|x86.Build.0 = Debug|Win32
		{A8BEDB4F-4B58-48C3-BAE9-15573C1A14A5}.Release|ARM.ActiveCfg = Release|Win32
		{A8BEDB4F-4B58-48C3-BAE9-15573C1A14A5}.Release|x64.ActiveCfg = Release|x64
		{A8BEDB4F-4B58-48C3-BAE9-15573C1A14A5}.Release|x64.Build.0 = Release|x64
		{A8BEDB4F-4B58-48C3-BAE9-15573C1A14A5}.Release|x86.ActiveCfg = Release|Win32
		{A8BEDB4F-4B58-48C3-BAE9-15573C1A14A5}.Release|x86.Build.0 = Release|Win32
		{4E3C54A7-7F19-42C4-BD17-ED841862AD03}.Debug|ARM.ActiveCfg = Debug|Win32
		{4E3C54A7-7F19-42C4-BD17-ED841862AD03}.Debug|x64.ActiveCfg = Debug|x64
		{4E3C54A7-7F19-42C4-BD17-ED841862AD03}.Debug|x64.Build.0 = Debug|x64
		{4E3C54A7-7F19-42C4-BD17-ED841862AD03}.Debug|x86.ActiveCfg = Debug|Win32
		{4E3C54A7-7F19-42C4-BD17-ED841862AD03}.Debug|x86.Build.0 = Debug|Win32
		{4E3C54A7-7F19-42C4-BD17-ED841862AD03}.Release|ARM.ActiveCfg = Release|Win32
		{4E3C54A7-7F19-42C4-BD17-ED841862AD03}.Release|x64.ActiveCfg = Release|x64
		{4E3C54A7-7F19-42C4-BD17-ED841862AD03}.Release|x64.Build.0 = Release|x64
		{4E3C54A7-7F19-42C4-BD17-ED841862AD03}.Release|x86.ActiveCfg = Release|Win32
		{4E3C54A7-7F19-42C4-BD17-ED841862AD03}.Release|x86.Build.0 = Release|Win32
		{0AA59F67-E3EE-4ACB-B0A1-BE3DFB7CD3CE}.Debug|ARM.ActiveCfg = Debug|Win32
		{0AA59F67-E3EE-4ACB-B0A1-BE3DFB7CD3CE}.Debug|x64.ActiveCfg = Debug|x64
		{0AA59F67-E3EE-4ACB-B0A1-BE3DFB7CD3CE}.Debug|x86.ActiveCfg = Debug|Win32
		{0AA59F67-E3EE-4ACB-B0A1-BE3DFB7CD3CE}.Release|ARM.ActiveCfg = Release|Win32
		{0AA59F67-E3EE-4ACB-B0A1-BE3DFB7CD3CE}.Release|x64.ActiveCfg = Release|x64
		{0AA59F67-E3EE-4ACB-B0A1-BE3DFB7CD3CE}.Release|x86.ActiveCfg = Release|Win32
		{422ED610-E8DC-4287-8B27-52F4C04C9758}.Debug|ARM.ActiveCfg = Debug|ARM
		{422ED610-E8DC-4287-8B27-52F4C04C9758}.Debug|ARM.Build.0 = Debug|ARM
		{422ED610-E8DC-4287-8B27-52F4C04C9758}.Debug|x64.ActiveCfg = Debug|x64
		{422ED610-E8DC-4287-8B27-52F4C04C9758}.Debug|x64.Build.0 = Debug|x64
		{422ED610-E8DC-4287-8B27-52F4C04C9758}.Debug|x86.ActiveCfg = Debug|x86
		{422ED610-E8DC-4287-8B27-52F4C04C9758}.Debug|x86.Build.0 = Debug|x86
		{422ED610-E8DC-4287-8B27-52F4C04C9758}.Release|ARM.ActiveCfg = Release|ARM
		{422ED610-E8DC-4287-8B27-52F4C04C9758}.Release|ARM.Build.0 = Release|ARM
		{422ED610-E8DC-4287-8B27-52F4C04C9758}.Release|x64.ActiveCfg = Release|x64
		{422ED610-E8DC-4287-8B27-52F4C04C9758}.Release|x64.Build.0 = Release|x64
		{422ED610-E8DC-4287-8B27-52F4C04C9758}.Release|x86.ActiveCfg = Release|x86
		{422ED610-E8DC-4287-8B27-52F4C04C9758}.Release|x86.Build.0 = Release|x86
		{126B7AA9-4ABE-430E-8871-B44CB50EFEB0}.Debug|ARM.ActiveCfg = Debug|ARM
		{126B7AA9-4ABE-430E-8871-B44CB50EFEB0}.Debug|ARM.Build.0 = Debug|ARM
		{126B7AA9-4ABE-430E-8871-B44CB50EFEB0}.Debug|x64.ActiveCfg = Debug|x64
		{126B7AA9-4ABE-430E-8871-B44CB50EFEB0}.Debug|x64.Build.0 = Debug|x64
		{126B7AA9-4ABE-430E-8871-B44CB50EFEB0}.Debug|x86.ActiveCfg = Debug|x86
		{126B7AA9-4ABE-430E-8871-B44CB50EFEB0}.Debug|x86.Build.0 = Debug|x86
		{126B7AA9-4ABE-430E-8871-B44CB50EFEB0}.Release|ARM.ActiveCfg = Release|ARM
		{126B7AA9-4ABE-430E-8871-B44CB50EFEB0}.Release|ARM.Build.0 = Release|ARM
		{126B7AA9-4ABE-430E-8871-B44CB50EFEB0}.Release|x64.ActiveCfg = Release|x64
		{126B7AA9-4ABE-430E-8871-B44CB50EFEB0}.Release|x64.Build.0 = Release|x64
		{126B7AA9-4ABE-430E-8871-B44CB50EFEB0}.Release|x86.ActiveCfg = Release|x86
		{126B7AA9-4ABE-430E-8871-B44CB50EFEB0}.Release|x86.Build.0 = Release|x86
	EndGlobalSection
	GlobalSection(SolutionProperties) = preSolution
		HideSolutionNode = FALSE
	EndGlobalSection
	GlobalSection(ExtensibilityGlobals) = postSolution
		SolutionGuid = {FAB7933C-3A33-487C-8931-215A98AC8A6F}
	EndGlobalSection
EndGlobal
