
Microsoft Visual Studio Solution File, Format Version 12.00
# Visual Studio 15
VisualStudioVersion = 15.0.27703.2035
MinimumVisualStudioVersion = 10.0.40219.1
Project("{9A19103F-16F7-4668-BE54-9A1E7A4F7556}") = "QueueTest", "QueueTest\QueueTest.csproj", "{18FD0021-F22F-44D5-A650-8BEE270F4C10}"
EndProject
Project("{9A19103F-16F7-4668-BE54-9A1E7A4F7556}") = "QueuePublisher", "QueuePublisher\QueuePublisher.csproj", "{77BC04B8-8750-4F38-AC3C-2B93F7B73D54}"
EndProject
Global
	GlobalSection(SolutionConfigurationPlatforms) = preSolution
		Debug|Any CPU = Debug|Any CPU
		Release|Any CPU = Release|Any CPU
	EndGlobalSection
	GlobalSection(ProjectConfigurationPlatforms) = postSolution
		{18FD0021-F22F-44D5-A650-8BEE270F4C10}.Debug|Any CPU.ActiveCfg = Debug|Any CPU
		{18FD0021-F22F-44D5-A650-8BEE270F4C10}.Debug|Any CPU.Build.0 = Debug|Any CPU
		{18FD0021-F22F-44D5-A650-8BEE270F4C10}.Release|Any CPU.ActiveCfg = Release|Any CPU
		{18FD0021-F22F-44D5-A650-8BEE270F4C10}.Release|Any CPU.Build.0 = Release|Any CPU
		{77BC04B8-8750-4F38-AC3C-2B93F7B73D54}.Debug|Any CPU.ActiveCfg = Debug|Any CPU
		{77BC04B8-8750-4F38-AC3C-2B93F7B73D54}.Debug|Any CPU.Build.0 = Debug|Any CPU
		{77BC04B8-8750-4F38-AC3C-2B93F7B73D54}.Release|Any CPU.ActiveCfg = Release|Any CPU
		{77BC04B8-8750-4F38-AC3C-2B93F7B73D54}.Release|Any CPU.Build.0 = Release|Any CPU
	EndGlobalSection
	GlobalSection(SolutionProperties) = preSolution
		HideSolutionNode = FALSE
	EndGlobalSection
	GlobalSection(ExtensibilityGlobals) = postSolution
		SolutionGuid = {8E188E09-AB8F-4D25-8915-E7E9333173FC}
	EndGlobalSection
EndGlobal
