
Microsoft Visual Studio Solution File, Format Version 12.00
# Visual Studio 15
VisualStudioVersion = 15.0.27130.2036
MinimumVisualStudioVersion = 10.0.40219.1
Project("{9A19103F-16F7-4668-BE54-9A1E7A4F7556}") = "Agebull.MicroZero.Core", "Core\ZeroNetCore\Agebull.MicroZero.Core.csproj", "{6E0309CA-32DF-4CF3-9865-9753186396F9}"
EndProject
Project("{2150E333-8FDC-42A3-9474-1A3956D46DE8}") = "MicroZero", "MicroZero", "{25946628-2217-4040-A7DA-95CB27CC3905}"
EndProject
Project("{2150E333-8FDC-42A3-9474-1A3956D46DE8}") = "Http", "Http", "{DDCA49A4-133B-44C4-99FE-8AAF3BA1D0F8}"
EndProject
Project("{9A19103F-16F7-4668-BE54-9A1E7A4F7556}") = "RpcTest", "Test\RpcTest\RpcTest.csproj", "{AAC4FF96-B77A-42DE-BF05-064363D924D1}"
EndProject
Project("{9A19103F-16F7-4668-BE54-9A1E7A4F7556}") = "MicroZero.LogService", "Tools\LogService\MicroZero.LogService.csproj", "{959006C6-2A1C-4282-964B-81969E396EA6}"
EndProject
Project("{9A19103F-16F7-4668-BE54-9A1E7A4F7556}") = "MicroZero.HealthCenter", "Tools\HealthCenter\MicroZero.HealthCenter.csproj", "{FAC9810E-3209-4097-A8E6-1F1F9C6910E1}"
EndProject
Project("{2150E333-8FDC-42A3-9474-1A3956D46DE8}") = "Test", "Test", "{770B84D1-B8F8-4F32-BCF0-2B011D5CE54F}"
EndProject
Project("{9A19103F-16F7-4668-BE54-9A1E7A4F7556}") = "ApiTest", "Test\ApiTest\ApiTest.csproj", "{4B170CF7-A3BF-4E28-9935-60A68A6EC56E}"
EndProject
Project("{9A19103F-16F7-4668-BE54-9A1E7A4F7556}") = "ZeroNet.Devops.Monitor", "Tools\WebMonitor\ZeroNet.Devops.Monitor.csproj", "{A6FB1A91-6F69-4301-A31A-CF0CA76565EA}"
EndProject
Project("{9A19103F-16F7-4668-BE54-9A1E7A4F7556}") = "MicroZero.Extend", "Tools\Extend\MicroZero.Extend.csproj", "{9C8C6DB9-3232-4FCC-B546-B6C8DE762523}"
EndProject
Project("{9A19103F-16F7-4668-BE54-9A1E7A4F7556}") = "Agebull.MicroZero.ClrZMQ", "Core\ZeroMq\Agebull.MicroZero.ClrZMQ.csproj", "{8A815595-D468-415A-8964-603F43B886BE}"
EndProject
Project("{2150E333-8FDC-42A3-9474-1A3956D46DE8}") = "Extend", "Extend", "{742B9856-B85F-41CC-9F4A-C62419394190}"
EndProject
Project("{9A19103F-16F7-4668-BE54-9A1E7A4F7556}") = "Agebull.MicroZero.Service", "Core\ZeroService\Agebull.MicroZero.Service.csproj", "{41D85732-219A-41DA-A52A-75A69744EC57}"
	ProjectSection(ProjectDependencies) = postProject
		{FAC9810E-3209-4097-A8E6-1F1F9C6910E1} = {FAC9810E-3209-4097-A8E6-1F1F9C6910E1}
		{AAC4FF96-B77A-42DE-BF05-064363D924D1} = {AAC4FF96-B77A-42DE-BF05-064363D924D1}
		{9C8C6DB9-3232-4FCC-B546-B6C8DE762523} = {9C8C6DB9-3232-4FCC-B546-B6C8DE762523}
		{959006C6-2A1C-4282-964B-81969E396EA6} = {959006C6-2A1C-4282-964B-81969E396EA6}
		{4B170CF7-A3BF-4E28-9935-60A68A6EC56E} = {4B170CF7-A3BF-4E28-9935-60A68A6EC56E}
	EndProjectSection
EndProject
Project("{9A19103F-16F7-4668-BE54-9A1E7A4F7556}") = "ZFrameTest", "Test\ZFrameTest\ZFrameTest.csproj", "{E7A9C331-5E2F-4151-81BD-E7EF359BEDFB}"
EndProject
Project("{9A19103F-16F7-4668-BE54-9A1E7A4F7556}") = "MicroZero.Http.Gateway", "Tools\HttpGateway\MicroZero.Http.Gateway.csproj", "{C94AEE6F-B063-42DD-8C74-41773CAC0BA7}"
EndProject
Project("{9A19103F-16F7-4668-BE54-9A1E7A4F7556}") = "Agebull.MicroZero.ModelApi", "Core\ApiFundtion\Agebull.MicroZero.ModelApi.csproj", "{2E3BC6FE-6D19-472B-B6FA-84C97463BC90}"
EndProject
Project("{9A19103F-16F7-4668-BE54-9A1E7A4F7556}") = "QueueTest", "test\QueueTest\QueueTest.csproj", "{0CCC8083-7821-4571-ACB4-2DFAA5E1953F}"
EndProject
Project("{9A19103F-16F7-4668-BE54-9A1E7A4F7556}") = "ProxyTest", "test\ProxyTest\ProxyTest.csproj", "{2A695614-FFF0-4A6A-A98F-2679F5A8ACF1}"
EndProject
Project("{9A19103F-16F7-4668-BE54-9A1E7A4F7556}") = "MicroZero.Http.WechatBridge", "Tools\HttpBridge\MicroZero.Http.WechatBridge.csproj", "{9A5C0573-0DC3-42BD-AEDC-FC685B72ED7C}"
EndProject
Project("{9A19103F-16F7-4668-BE54-9A1E7A4F7556}") = "QueuePublisher", "test\QueuePublisher\QueuePublisher.csproj", "{6AF2BFBC-458A-47E5-81F6-F13B4DE44452}"
EndProject
Project("{2150E333-8FDC-42A3-9474-1A3956D46DE8}") = "Manager", "Manager", "{3E417D17-528D-4281-8A85-67AB237D9946}"
EndProject
Project("{9A19103F-16F7-4668-BE54-9A1E7A4F7556}") = "ZeroNet.Devops.ManagerBase", "Tools\ManagerBase\ZeroNet.Devops.ManagerBase.csproj", "{9594E72F-6CDD-44EB-A28B-96E3AB91081F}"
EndProject
Project("{9A19103F-16F7-4668-BE54-9A1E7A4F7556}") = "ZeroNet.Devops.Tracer", "Tools\Tracer\ZeroNet.Devops.Tracer.csproj", "{33941E8C-0F13-4205-9AF8-1E97835FE932}"
EndProject
Project("{FAE04EC0-301F-11D3-BF4B-00C04F79EFBC}") = "ConsoleApp1", "ConsoleApp1\ConsoleApp1.csproj", "{AB0B8552-BDA0-43A2-BAAF-E4FF6F529056}"
EndProject
Global
	GlobalSection(SolutionConfigurationPlatforms) = preSolution
		Debug|Any CPU = Debug|Any CPU
		Debug|ARM = Debug|ARM
		Debug|x64 = Debug|x64
		Debug|x86 = Debug|x86
		Release|Any CPU = Release|Any CPU
		Release|ARM = Release|ARM
		Release|x64 = Release|x64
		Release|x86 = Release|x86
	EndGlobalSection
	GlobalSection(ProjectConfigurationPlatforms) = postSolution
		{6E0309CA-32DF-4CF3-9865-9753186396F9}.Debug|Any CPU.ActiveCfg = Debug|Any CPU
		{6E0309CA-32DF-4CF3-9865-9753186396F9}.Debug|Any CPU.Build.0 = Debug|Any CPU
		{6E0309CA-32DF-4CF3-9865-9753186396F9}.Debug|ARM.ActiveCfg = Debug|Any CPU
		{6E0309CA-32DF-4CF3-9865-9753186396F9}.Debug|ARM.Build.0 = Debug|Any CPU
		{6E0309CA-32DF-4CF3-9865-9753186396F9}.Debug|x64.ActiveCfg = Debug|Any CPU
		{6E0309CA-32DF-4CF3-9865-9753186396F9}.Debug|x64.Build.0 = Debug|Any CPU
		{6E0309CA-32DF-4CF3-9865-9753186396F9}.Debug|x86.ActiveCfg = Debug|Any CPU
		{6E0309CA-32DF-4CF3-9865-9753186396F9}.Debug|x86.Build.0 = Debug|Any CPU
		{6E0309CA-32DF-4CF3-9865-9753186396F9}.Release|Any CPU.ActiveCfg = Release|Any CPU
		{6E0309CA-32DF-4CF3-9865-9753186396F9}.Release|Any CPU.Build.0 = Release|Any CPU
		{6E0309CA-32DF-4CF3-9865-9753186396F9}.Release|ARM.ActiveCfg = Release|Any CPU
		{6E0309CA-32DF-4CF3-9865-9753186396F9}.Release|ARM.Build.0 = Release|Any CPU
		{6E0309CA-32DF-4CF3-9865-9753186396F9}.Release|x64.ActiveCfg = Release|Any CPU
		{6E0309CA-32DF-4CF3-9865-9753186396F9}.Release|x64.Build.0 = Release|Any CPU
		{6E0309CA-32DF-4CF3-9865-9753186396F9}.Release|x86.ActiveCfg = Release|Any CPU
		{6E0309CA-32DF-4CF3-9865-9753186396F9}.Release|x86.Build.0 = Release|Any CPU
		{AAC4FF96-B77A-42DE-BF05-064363D924D1}.Debug|Any CPU.ActiveCfg = Debug|Any CPU
		{AAC4FF96-B77A-42DE-BF05-064363D924D1}.Debug|Any CPU.Build.0 = Debug|Any CPU
		{AAC4FF96-B77A-42DE-BF05-064363D924D1}.Debug|ARM.ActiveCfg = Debug|Any CPU
		{AAC4FF96-B77A-42DE-BF05-064363D924D1}.Debug|ARM.Build.0 = Debug|Any CPU
		{AAC4FF96-B77A-42DE-BF05-064363D924D1}.Debug|x64.ActiveCfg = Debug|Any CPU
		{AAC4FF96-B77A-42DE-BF05-064363D924D1}.Debug|x64.Build.0 = Debug|Any CPU
		{AAC4FF96-B77A-42DE-BF05-064363D924D1}.Debug|x86.ActiveCfg = Debug|Any CPU
		{AAC4FF96-B77A-42DE-BF05-064363D924D1}.Debug|x86.Build.0 = Debug|Any CPU
		{AAC4FF96-B77A-42DE-BF05-064363D924D1}.Release|Any CPU.ActiveCfg = Release|Any CPU
		{AAC4FF96-B77A-42DE-BF05-064363D924D1}.Release|Any CPU.Build.0 = Release|Any CPU
		{AAC4FF96-B77A-42DE-BF05-064363D924D1}.Release|ARM.ActiveCfg = Release|Any CPU
		{AAC4FF96-B77A-42DE-BF05-064363D924D1}.Release|ARM.Build.0 = Release|Any CPU
		{AAC4FF96-B77A-42DE-BF05-064363D924D1}.Release|x64.ActiveCfg = Release|Any CPU
		{AAC4FF96-B77A-42DE-BF05-064363D924D1}.Release|x64.Build.0 = Release|Any CPU
		{AAC4FF96-B77A-42DE-BF05-064363D924D1}.Release|x86.ActiveCfg = Release|Any CPU
		{AAC4FF96-B77A-42DE-BF05-064363D924D1}.Release|x86.Build.0 = Release|Any CPU
		{959006C6-2A1C-4282-964B-81969E396EA6}.Debug|Any CPU.ActiveCfg = Debug|Any CPU
		{959006C6-2A1C-4282-964B-81969E396EA6}.Debug|Any CPU.Build.0 = Debug|Any CPU
		{959006C6-2A1C-4282-964B-81969E396EA6}.Debug|ARM.ActiveCfg = Debug|Any CPU
		{959006C6-2A1C-4282-964B-81969E396EA6}.Debug|ARM.Build.0 = Debug|Any CPU
		{959006C6-2A1C-4282-964B-81969E396EA6}.Debug|x64.ActiveCfg = Debug|Any CPU
		{959006C6-2A1C-4282-964B-81969E396EA6}.Debug|x64.Build.0 = Debug|Any CPU
		{959006C6-2A1C-4282-964B-81969E396EA6}.Debug|x86.ActiveCfg = Debug|Any CPU
		{959006C6-2A1C-4282-964B-81969E396EA6}.Debug|x86.Build.0 = Debug|Any CPU
		{959006C6-2A1C-4282-964B-81969E396EA6}.Release|Any CPU.ActiveCfg = Release|Any CPU
		{959006C6-2A1C-4282-964B-81969E396EA6}.Release|Any CPU.Build.0 = Release|Any CPU
		{959006C6-2A1C-4282-964B-81969E396EA6}.Release|ARM.ActiveCfg = Release|Any CPU
		{959006C6-2A1C-4282-964B-81969E396EA6}.Release|ARM.Build.0 = Release|Any CPU
		{959006C6-2A1C-4282-964B-81969E396EA6}.Release|x64.ActiveCfg = Release|Any CPU
		{959006C6-2A1C-4282-964B-81969E396EA6}.Release|x64.Build.0 = Release|Any CPU
		{959006C6-2A1C-4282-964B-81969E396EA6}.Release|x86.ActiveCfg = Release|Any CPU
		{959006C6-2A1C-4282-964B-81969E396EA6}.Release|x86.Build.0 = Release|Any CPU
		{FAC9810E-3209-4097-A8E6-1F1F9C6910E1}.Debug|Any CPU.ActiveCfg = Debug|Any CPU
		{FAC9810E-3209-4097-A8E6-1F1F9C6910E1}.Debug|Any CPU.Build.0 = Debug|Any CPU
		{FAC9810E-3209-4097-A8E6-1F1F9C6910E1}.Debug|ARM.ActiveCfg = Debug|Any CPU
		{FAC9810E-3209-4097-A8E6-1F1F9C6910E1}.Debug|ARM.Build.0 = Debug|Any CPU
		{FAC9810E-3209-4097-A8E6-1F1F9C6910E1}.Debug|x64.ActiveCfg = Debug|Any CPU
		{FAC9810E-3209-4097-A8E6-1F1F9C6910E1}.Debug|x64.Build.0 = Debug|Any CPU
		{FAC9810E-3209-4097-A8E6-1F1F9C6910E1}.Debug|x86.ActiveCfg = Debug|Any CPU
		{FAC9810E-3209-4097-A8E6-1F1F9C6910E1}.Debug|x86.Build.0 = Debug|Any CPU
		{FAC9810E-3209-4097-A8E6-1F1F9C6910E1}.Release|Any CPU.ActiveCfg = Release|Any CPU
		{FAC9810E-3209-4097-A8E6-1F1F9C6910E1}.Release|Any CPU.Build.0 = Release|Any CPU
		{FAC9810E-3209-4097-A8E6-1F1F9C6910E1}.Release|ARM.ActiveCfg = Release|Any CPU
		{FAC9810E-3209-4097-A8E6-1F1F9C6910E1}.Release|ARM.Build.0 = Release|Any CPU
		{FAC9810E-3209-4097-A8E6-1F1F9C6910E1}.Release|x64.ActiveCfg = Release|Any CPU
		{FAC9810E-3209-4097-A8E6-1F1F9C6910E1}.Release|x64.Build.0 = Release|Any CPU
		{FAC9810E-3209-4097-A8E6-1F1F9C6910E1}.Release|x86.ActiveCfg = Release|Any CPU
		{FAC9810E-3209-4097-A8E6-1F1F9C6910E1}.Release|x86.Build.0 = Release|Any CPU
		{4B170CF7-A3BF-4E28-9935-60A68A6EC56E}.Debug|Any CPU.ActiveCfg = Debug|Any CPU
		{4B170CF7-A3BF-4E28-9935-60A68A6EC56E}.Debug|Any CPU.Build.0 = Debug|Any CPU
		{4B170CF7-A3BF-4E28-9935-60A68A6EC56E}.Debug|ARM.ActiveCfg = Debug|Any CPU
		{4B170CF7-A3BF-4E28-9935-60A68A6EC56E}.Debug|ARM.Build.0 = Debug|Any CPU
		{4B170CF7-A3BF-4E28-9935-60A68A6EC56E}.Debug|x64.ActiveCfg = Debug|Any CPU
		{4B170CF7-A3BF-4E28-9935-60A68A6EC56E}.Debug|x64.Build.0 = Debug|Any CPU
		{4B170CF7-A3BF-4E28-9935-60A68A6EC56E}.Debug|x86.ActiveCfg = Debug|Any CPU
		{4B170CF7-A3BF-4E28-9935-60A68A6EC56E}.Debug|x86.Build.0 = Debug|Any CPU
		{4B170CF7-A3BF-4E28-9935-60A68A6EC56E}.Release|Any CPU.ActiveCfg = Release|Any CPU
		{4B170CF7-A3BF-4E28-9935-60A68A6EC56E}.Release|Any CPU.Build.0 = Release|Any CPU
		{4B170CF7-A3BF-4E28-9935-60A68A6EC56E}.Release|ARM.ActiveCfg = Release|Any CPU
		{4B170CF7-A3BF-4E28-9935-60A68A6EC56E}.Release|ARM.Build.0 = Release|Any CPU
		{4B170CF7-A3BF-4E28-9935-60A68A6EC56E}.Release|x64.ActiveCfg = Release|Any CPU
		{4B170CF7-A3BF-4E28-9935-60A68A6EC56E}.Release|x64.Build.0 = Release|Any CPU
		{4B170CF7-A3BF-4E28-9935-60A68A6EC56E}.Release|x86.ActiveCfg = Release|Any CPU
		{4B170CF7-A3BF-4E28-9935-60A68A6EC56E}.Release|x86.Build.0 = Release|Any CPU
		{A6FB1A91-6F69-4301-A31A-CF0CA76565EA}.Debug|Any CPU.ActiveCfg = Debug|Any CPU
		{A6FB1A91-6F69-4301-A31A-CF0CA76565EA}.Debug|Any CPU.Build.0 = Debug|Any CPU
		{A6FB1A91-6F69-4301-A31A-CF0CA76565EA}.Debug|ARM.ActiveCfg = Debug|Any CPU
		{A6FB1A91-6F69-4301-A31A-CF0CA76565EA}.Debug|ARM.Build.0 = Debug|Any CPU
		{A6FB1A91-6F69-4301-A31A-CF0CA76565EA}.Debug|x64.ActiveCfg = Debug|Any CPU
		{A6FB1A91-6F69-4301-A31A-CF0CA76565EA}.Debug|x64.Build.0 = Debug|Any CPU
		{A6FB1A91-6F69-4301-A31A-CF0CA76565EA}.Debug|x86.ActiveCfg = Debug|Any CPU
		{A6FB1A91-6F69-4301-A31A-CF0CA76565EA}.Debug|x86.Build.0 = Debug|Any CPU
		{A6FB1A91-6F69-4301-A31A-CF0CA76565EA}.Release|Any CPU.ActiveCfg = Release|Any CPU
		{A6FB1A91-6F69-4301-A31A-CF0CA76565EA}.Release|Any CPU.Build.0 = Release|Any CPU
		{A6FB1A91-6F69-4301-A31A-CF0CA76565EA}.Release|ARM.ActiveCfg = Release|Any CPU
		{A6FB1A91-6F69-4301-A31A-CF0CA76565EA}.Release|ARM.Build.0 = Release|Any CPU
		{A6FB1A91-6F69-4301-A31A-CF0CA76565EA}.Release|x64.ActiveCfg = Release|Any CPU
		{A6FB1A91-6F69-4301-A31A-CF0CA76565EA}.Release|x64.Build.0 = Release|Any CPU
		{A6FB1A91-6F69-4301-A31A-CF0CA76565EA}.Release|x86.ActiveCfg = Release|Any CPU
		{A6FB1A91-6F69-4301-A31A-CF0CA76565EA}.Release|x86.Build.0 = Release|Any CPU
		{9C8C6DB9-3232-4FCC-B546-B6C8DE762523}.Debug|Any CPU.ActiveCfg = Debug|Any CPU
		{9C8C6DB9-3232-4FCC-B546-B6C8DE762523}.Debug|Any CPU.Build.0 = Debug|Any CPU
		{9C8C6DB9-3232-4FCC-B546-B6C8DE762523}.Debug|ARM.ActiveCfg = Debug|Any CPU
		{9C8C6DB9-3232-4FCC-B546-B6C8DE762523}.Debug|ARM.Build.0 = Debug|Any CPU
		{9C8C6DB9-3232-4FCC-B546-B6C8DE762523}.Debug|x64.ActiveCfg = Debug|Any CPU
		{9C8C6DB9-3232-4FCC-B546-B6C8DE762523}.Debug|x64.Build.0 = Debug|Any CPU
		{9C8C6DB9-3232-4FCC-B546-B6C8DE762523}.Debug|x86.ActiveCfg = Debug|Any CPU
		{9C8C6DB9-3232-4FCC-B546-B6C8DE762523}.Debug|x86.Build.0 = Debug|Any CPU
		{9C8C6DB9-3232-4FCC-B546-B6C8DE762523}.Release|Any CPU.ActiveCfg = Release|Any CPU
		{9C8C6DB9-3232-4FCC-B546-B6C8DE762523}.Release|Any CPU.Build.0 = Release|Any CPU
		{9C8C6DB9-3232-4FCC-B546-B6C8DE762523}.Release|ARM.ActiveCfg = Release|Any CPU
		{9C8C6DB9-3232-4FCC-B546-B6C8DE762523}.Release|ARM.Build.0 = Release|Any CPU
		{9C8C6DB9-3232-4FCC-B546-B6C8DE762523}.Release|x64.ActiveCfg = Release|Any CPU
		{9C8C6DB9-3232-4FCC-B546-B6C8DE762523}.Release|x64.Build.0 = Release|Any CPU
		{9C8C6DB9-3232-4FCC-B546-B6C8DE762523}.Release|x86.ActiveCfg = Release|Any CPU
		{9C8C6DB9-3232-4FCC-B546-B6C8DE762523}.Release|x86.Build.0 = Release|Any CPU
		{8A815595-D468-415A-8964-603F43B886BE}.Debug|Any CPU.ActiveCfg = Debug|Any CPU
		{8A815595-D468-415A-8964-603F43B886BE}.Debug|Any CPU.Build.0 = Debug|Any CPU
		{8A815595-D468-415A-8964-603F43B886BE}.Debug|ARM.ActiveCfg = Debug|Any CPU
		{8A815595-D468-415A-8964-603F43B886BE}.Debug|ARM.Build.0 = Debug|Any CPU
		{8A815595-D468-415A-8964-603F43B886BE}.Debug|x64.ActiveCfg = Debug|Any CPU
		{8A815595-D468-415A-8964-603F43B886BE}.Debug|x64.Build.0 = Debug|Any CPU
		{8A815595-D468-415A-8964-603F43B886BE}.Debug|x86.ActiveCfg = Debug|Any CPU
		{8A815595-D468-415A-8964-603F43B886BE}.Debug|x86.Build.0 = Debug|Any CPU
		{8A815595-D468-415A-8964-603F43B886BE}.Release|Any CPU.ActiveCfg = Release|Any CPU
		{8A815595-D468-415A-8964-603F43B886BE}.Release|Any CPU.Build.0 = Release|Any CPU
		{8A815595-D468-415A-8964-603F43B886BE}.Release|ARM.ActiveCfg = Release|Any CPU
		{8A815595-D468-415A-8964-603F43B886BE}.Release|ARM.Build.0 = Release|Any CPU
		{8A815595-D468-415A-8964-603F43B886BE}.Release|x64.ActiveCfg = Release|Any CPU
		{8A815595-D468-415A-8964-603F43B886BE}.Release|x64.Build.0 = Release|Any CPU
		{8A815595-D468-415A-8964-603F43B886BE}.Release|x86.ActiveCfg = Release|Any CPU
		{8A815595-D468-415A-8964-603F43B886BE}.Release|x86.Build.0 = Release|Any CPU
		{41D85732-219A-41DA-A52A-75A69744EC57}.Debug|Any CPU.ActiveCfg = Debug|Any CPU
		{41D85732-219A-41DA-A52A-75A69744EC57}.Debug|Any CPU.Build.0 = Debug|Any CPU
		{41D85732-219A-41DA-A52A-75A69744EC57}.Debug|ARM.ActiveCfg = Debug|Any CPU
		{41D85732-219A-41DA-A52A-75A69744EC57}.Debug|ARM.Build.0 = Debug|Any CPU
		{41D85732-219A-41DA-A52A-75A69744EC57}.Debug|x64.ActiveCfg = Debug|Any CPU
		{41D85732-219A-41DA-A52A-75A69744EC57}.Debug|x64.Build.0 = Debug|Any CPU
		{41D85732-219A-41DA-A52A-75A69744EC57}.Debug|x86.ActiveCfg = Debug|Any CPU
		{41D85732-219A-41DA-A52A-75A69744EC57}.Debug|x86.Build.0 = Debug|Any CPU
		{41D85732-219A-41DA-A52A-75A69744EC57}.Release|Any CPU.ActiveCfg = Release|Any CPU
		{41D85732-219A-41DA-A52A-75A69744EC57}.Release|Any CPU.Build.0 = Release|Any CPU
		{41D85732-219A-41DA-A52A-75A69744EC57}.Release|ARM.ActiveCfg = Release|Any CPU
		{41D85732-219A-41DA-A52A-75A69744EC57}.Release|ARM.Build.0 = Release|Any CPU
		{41D85732-219A-41DA-A52A-75A69744EC57}.Release|x64.ActiveCfg = Release|Any CPU
		{41D85732-219A-41DA-A52A-75A69744EC57}.Release|x64.Build.0 = Release|Any CPU
		{41D85732-219A-41DA-A52A-75A69744EC57}.Release|x86.ActiveCfg = Release|Any CPU
		{41D85732-219A-41DA-A52A-75A69744EC57}.Release|x86.Build.0 = Release|Any CPU
		{E7A9C331-5E2F-4151-81BD-E7EF359BEDFB}.Debug|Any CPU.ActiveCfg = Debug|Any CPU
		{E7A9C331-5E2F-4151-81BD-E7EF359BEDFB}.Debug|Any CPU.Build.0 = Debug|Any CPU
		{E7A9C331-5E2F-4151-81BD-E7EF359BEDFB}.Debug|ARM.ActiveCfg = Debug|Any CPU
		{E7A9C331-5E2F-4151-81BD-E7EF359BEDFB}.Debug|ARM.Build.0 = Debug|Any CPU
		{E7A9C331-5E2F-4151-81BD-E7EF359BEDFB}.Debug|x64.ActiveCfg = Debug|Any CPU
		{E7A9C331-5E2F-4151-81BD-E7EF359BEDFB}.Debug|x64.Build.0 = Debug|Any CPU
		{E7A9C331-5E2F-4151-81BD-E7EF359BEDFB}.Debug|x86.ActiveCfg = Debug|Any CPU
		{E7A9C331-5E2F-4151-81BD-E7EF359BEDFB}.Debug|x86.Build.0 = Debug|Any CPU
		{E7A9C331-5E2F-4151-81BD-E7EF359BEDFB}.Release|Any CPU.ActiveCfg = Release|Any CPU
		{E7A9C331-5E2F-4151-81BD-E7EF359BEDFB}.Release|Any CPU.Build.0 = Release|Any CPU
		{E7A9C331-5E2F-4151-81BD-E7EF359BEDFB}.Release|ARM.ActiveCfg = Release|Any CPU
		{E7A9C331-5E2F-4151-81BD-E7EF359BEDFB}.Release|ARM.Build.0 = Release|Any CPU
		{E7A9C331-5E2F-4151-81BD-E7EF359BEDFB}.Release|x64.ActiveCfg = Release|Any CPU
		{E7A9C331-5E2F-4151-81BD-E7EF359BEDFB}.Release|x64.Build.0 = Release|Any CPU
		{E7A9C331-5E2F-4151-81BD-E7EF359BEDFB}.Release|x86.ActiveCfg = Release|Any CPU
		{E7A9C331-5E2F-4151-81BD-E7EF359BEDFB}.Release|x86.Build.0 = Release|Any CPU
		{C94AEE6F-B063-42DD-8C74-41773CAC0BA7}.Debug|Any CPU.ActiveCfg = Debug|Any CPU
		{C94AEE6F-B063-42DD-8C74-41773CAC0BA7}.Debug|Any CPU.Build.0 = Debug|Any CPU
		{C94AEE6F-B063-42DD-8C74-41773CAC0BA7}.Debug|ARM.ActiveCfg = Debug|Any CPU
		{C94AEE6F-B063-42DD-8C74-41773CAC0BA7}.Debug|ARM.Build.0 = Debug|Any CPU
		{C94AEE6F-B063-42DD-8C74-41773CAC0BA7}.Debug|x64.ActiveCfg = Debug|Any CPU
		{C94AEE6F-B063-42DD-8C74-41773CAC0BA7}.Debug|x64.Build.0 = Debug|Any CPU
		{C94AEE6F-B063-42DD-8C74-41773CAC0BA7}.Debug|x86.ActiveCfg = Debug|Any CPU
		{C94AEE6F-B063-42DD-8C74-41773CAC0BA7}.Debug|x86.Build.0 = Debug|Any CPU
		{C94AEE6F-B063-42DD-8C74-41773CAC0BA7}.Release|Any CPU.ActiveCfg = Release|Any CPU
		{C94AEE6F-B063-42DD-8C74-41773CAC0BA7}.Release|Any CPU.Build.0 = Release|Any CPU
		{C94AEE6F-B063-42DD-8C74-41773CAC0BA7}.Release|ARM.ActiveCfg = Release|Any CPU
		{C94AEE6F-B063-42DD-8C74-41773CAC0BA7}.Release|ARM.Build.0 = Release|Any CPU
		{C94AEE6F-B063-42DD-8C74-41773CAC0BA7}.Release|x64.ActiveCfg = Release|Any CPU
		{C94AEE6F-B063-42DD-8C74-41773CAC0BA7}.Release|x64.Build.0 = Release|Any CPU
		{C94AEE6F-B063-42DD-8C74-41773CAC0BA7}.Release|x86.ActiveCfg = Release|Any CPU
		{C94AEE6F-B063-42DD-8C74-41773CAC0BA7}.Release|x86.Build.0 = Release|Any CPU
		{2E3BC6FE-6D19-472B-B6FA-84C97463BC90}.Debug|Any CPU.ActiveCfg = Debug|Any CPU
		{2E3BC6FE-6D19-472B-B6FA-84C97463BC90}.Debug|Any CPU.Build.0 = Debug|Any CPU
		{2E3BC6FE-6D19-472B-B6FA-84C97463BC90}.Debug|ARM.ActiveCfg = Debug|Any CPU
		{2E3BC6FE-6D19-472B-B6FA-84C97463BC90}.Debug|ARM.Build.0 = Debug|Any CPU
		{2E3BC6FE-6D19-472B-B6FA-84C97463BC90}.Debug|x64.ActiveCfg = Debug|Any CPU
		{2E3BC6FE-6D19-472B-B6FA-84C97463BC90}.Debug|x64.Build.0 = Debug|Any CPU
		{2E3BC6FE-6D19-472B-B6FA-84C97463BC90}.Debug|x86.ActiveCfg = Debug|Any CPU
		{2E3BC6FE-6D19-472B-B6FA-84C97463BC90}.Debug|x86.Build.0 = Debug|Any CPU
		{2E3BC6FE-6D19-472B-B6FA-84C97463BC90}.Release|Any CPU.ActiveCfg = Release|Any CPU
		{2E3BC6FE-6D19-472B-B6FA-84C97463BC90}.Release|Any CPU.Build.0 = Release|Any CPU
		{2E3BC6FE-6D19-472B-B6FA-84C97463BC90}.Release|ARM.ActiveCfg = Release|Any CPU
		{2E3BC6FE-6D19-472B-B6FA-84C97463BC90}.Release|ARM.Build.0 = Release|Any CPU
		{2E3BC6FE-6D19-472B-B6FA-84C97463BC90}.Release|x64.ActiveCfg = Release|Any CPU
		{2E3BC6FE-6D19-472B-B6FA-84C97463BC90}.Release|x64.Build.0 = Release|Any CPU
		{2E3BC6FE-6D19-472B-B6FA-84C97463BC90}.Release|x86.ActiveCfg = Release|Any CPU
		{2E3BC6FE-6D19-472B-B6FA-84C97463BC90}.Release|x86.Build.0 = Release|Any CPU
		{0CCC8083-7821-4571-ACB4-2DFAA5E1953F}.Debug|Any CPU.ActiveCfg = Debug|Any CPU
		{0CCC8083-7821-4571-ACB4-2DFAA5E1953F}.Debug|Any CPU.Build.0 = Debug|Any CPU
		{0CCC8083-7821-4571-ACB4-2DFAA5E1953F}.Debug|ARM.ActiveCfg = Debug|Any CPU
		{0CCC8083-7821-4571-ACB4-2DFAA5E1953F}.Debug|ARM.Build.0 = Debug|Any CPU
		{0CCC8083-7821-4571-ACB4-2DFAA5E1953F}.Debug|x64.ActiveCfg = Debug|Any CPU
		{0CCC8083-7821-4571-ACB4-2DFAA5E1953F}.Debug|x64.Build.0 = Debug|Any CPU
		{0CCC8083-7821-4571-ACB4-2DFAA5E1953F}.Debug|x86.ActiveCfg = Debug|Any CPU
		{0CCC8083-7821-4571-ACB4-2DFAA5E1953F}.Debug|x86.Build.0 = Debug|Any CPU
		{0CCC8083-7821-4571-ACB4-2DFAA5E1953F}.Release|Any CPU.ActiveCfg = Release|Any CPU
		{0CCC8083-7821-4571-ACB4-2DFAA5E1953F}.Release|Any CPU.Build.0 = Release|Any CPU
		{0CCC8083-7821-4571-ACB4-2DFAA5E1953F}.Release|ARM.ActiveCfg = Release|Any CPU
		{0CCC8083-7821-4571-ACB4-2DFAA5E1953F}.Release|ARM.Build.0 = Release|Any CPU
		{0CCC8083-7821-4571-ACB4-2DFAA5E1953F}.Release|x64.ActiveCfg = Release|Any CPU
		{0CCC8083-7821-4571-ACB4-2DFAA5E1953F}.Release|x64.Build.0 = Release|Any CPU
		{0CCC8083-7821-4571-ACB4-2DFAA5E1953F}.Release|x86.ActiveCfg = Release|Any CPU
		{0CCC8083-7821-4571-ACB4-2DFAA5E1953F}.Release|x86.Build.0 = Release|Any CPU
		{2A695614-FFF0-4A6A-A98F-2679F5A8ACF1}.Debug|Any CPU.ActiveCfg = Debug|Any CPU
		{2A695614-FFF0-4A6A-A98F-2679F5A8ACF1}.Debug|Any CPU.Build.0 = Debug|Any CPU
		{2A695614-FFF0-4A6A-A98F-2679F5A8ACF1}.Debug|ARM.ActiveCfg = Debug|Any CPU
		{2A695614-FFF0-4A6A-A98F-2679F5A8ACF1}.Debug|ARM.Build.0 = Debug|Any CPU
		{2A695614-FFF0-4A6A-A98F-2679F5A8ACF1}.Debug|x64.ActiveCfg = Debug|Any CPU
		{2A695614-FFF0-4A6A-A98F-2679F5A8ACF1}.Debug|x64.Build.0 = Debug|Any CPU
		{2A695614-FFF0-4A6A-A98F-2679F5A8ACF1}.Debug|x86.ActiveCfg = Debug|Any CPU
		{2A695614-FFF0-4A6A-A98F-2679F5A8ACF1}.Debug|x86.Build.0 = Debug|Any CPU
		{2A695614-FFF0-4A6A-A98F-2679F5A8ACF1}.Release|Any CPU.ActiveCfg = Release|Any CPU
		{2A695614-FFF0-4A6A-A98F-2679F5A8ACF1}.Release|Any CPU.Build.0 = Release|Any CPU
		{2A695614-FFF0-4A6A-A98F-2679F5A8ACF1}.Release|ARM.ActiveCfg = Release|Any CPU
		{2A695614-FFF0-4A6A-A98F-2679F5A8ACF1}.Release|ARM.Build.0 = Release|Any CPU
		{2A695614-FFF0-4A6A-A98F-2679F5A8ACF1}.Release|x64.ActiveCfg = Release|Any CPU
		{2A695614-FFF0-4A6A-A98F-2679F5A8ACF1}.Release|x64.Build.0 = Release|Any CPU
		{2A695614-FFF0-4A6A-A98F-2679F5A8ACF1}.Release|x86.ActiveCfg = Release|Any CPU
		{2A695614-FFF0-4A6A-A98F-2679F5A8ACF1}.Release|x86.Build.0 = Release|Any CPU
		{9A5C0573-0DC3-42BD-AEDC-FC685B72ED7C}.Debug|Any CPU.ActiveCfg = Debug|Any CPU
		{9A5C0573-0DC3-42BD-AEDC-FC685B72ED7C}.Debug|Any CPU.Build.0 = Debug|Any CPU
		{9A5C0573-0DC3-42BD-AEDC-FC685B72ED7C}.Debug|ARM.ActiveCfg = Debug|Any CPU
		{9A5C0573-0DC3-42BD-AEDC-FC685B72ED7C}.Debug|ARM.Build.0 = Debug|Any CPU
		{9A5C0573-0DC3-42BD-AEDC-FC685B72ED7C}.Debug|x64.ActiveCfg = Debug|Any CPU
		{9A5C0573-0DC3-42BD-AEDC-FC685B72ED7C}.Debug|x64.Build.0 = Debug|Any CPU
		{9A5C0573-0DC3-42BD-AEDC-FC685B72ED7C}.Debug|x86.ActiveCfg = Debug|Any CPU
		{9A5C0573-0DC3-42BD-AEDC-FC685B72ED7C}.Debug|x86.Build.0 = Debug|Any CPU
		{9A5C0573-0DC3-42BD-AEDC-FC685B72ED7C}.Release|Any CPU.ActiveCfg = Release|Any CPU
		{9A5C0573-0DC3-42BD-AEDC-FC685B72ED7C}.Release|Any CPU.Build.0 = Release|Any CPU
		{9A5C0573-0DC3-42BD-AEDC-FC685B72ED7C}.Release|ARM.ActiveCfg = Release|Any CPU
		{9A5C0573-0DC3-42BD-AEDC-FC685B72ED7C}.Release|ARM.Build.0 = Release|Any CPU
		{9A5C0573-0DC3-42BD-AEDC-FC685B72ED7C}.Release|x64.ActiveCfg = Release|Any CPU
		{9A5C0573-0DC3-42BD-AEDC-FC685B72ED7C}.Release|x64.Build.0 = Release|Any CPU
		{9A5C0573-0DC3-42BD-AEDC-FC685B72ED7C}.Release|x86.ActiveCfg = Release|Any CPU
		{9A5C0573-0DC3-42BD-AEDC-FC685B72ED7C}.Release|x86.Build.0 = Release|Any CPU
		{6AF2BFBC-458A-47E5-81F6-F13B4DE44452}.Debug|Any CPU.ActiveCfg = Debug|Any CPU
		{6AF2BFBC-458A-47E5-81F6-F13B4DE44452}.Debug|Any CPU.Build.0 = Debug|Any CPU
		{6AF2BFBC-458A-47E5-81F6-F13B4DE44452}.Debug|ARM.ActiveCfg = Debug|Any CPU
		{6AF2BFBC-458A-47E5-81F6-F13B4DE44452}.Debug|ARM.Build.0 = Debug|Any CPU
		{6AF2BFBC-458A-47E5-81F6-F13B4DE44452}.Debug|x64.ActiveCfg = Debug|Any CPU
		{6AF2BFBC-458A-47E5-81F6-F13B4DE44452}.Debug|x64.Build.0 = Debug|Any CPU
		{6AF2BFBC-458A-47E5-81F6-F13B4DE44452}.Debug|x86.ActiveCfg = Debug|Any CPU
		{6AF2BFBC-458A-47E5-81F6-F13B4DE44452}.Debug|x86.Build.0 = Debug|Any CPU
		{6AF2BFBC-458A-47E5-81F6-F13B4DE44452}.Release|Any CPU.ActiveCfg = Release|Any CPU
		{6AF2BFBC-458A-47E5-81F6-F13B4DE44452}.Release|Any CPU.Build.0 = Release|Any CPU
		{6AF2BFBC-458A-47E5-81F6-F13B4DE44452}.Release|ARM.ActiveCfg = Release|Any CPU
		{6AF2BFBC-458A-47E5-81F6-F13B4DE44452}.Release|ARM.Build.0 = Release|Any CPU
		{6AF2BFBC-458A-47E5-81F6-F13B4DE44452}.Release|x64.ActiveCfg = Release|Any CPU
		{6AF2BFBC-458A-47E5-81F6-F13B4DE44452}.Release|x64.Build.0 = Release|Any CPU
		{6AF2BFBC-458A-47E5-81F6-F13B4DE44452}.Release|x86.ActiveCfg = Release|Any CPU
		{6AF2BFBC-458A-47E5-81F6-F13B4DE44452}.Release|x86.Build.0 = Release|Any CPU
		{9594E72F-6CDD-44EB-A28B-96E3AB91081F}.Debug|Any CPU.ActiveCfg = Debug|Any CPU
		{9594E72F-6CDD-44EB-A28B-96E3AB91081F}.Debug|Any CPU.Build.0 = Debug|Any CPU
		{9594E72F-6CDD-44EB-A28B-96E3AB91081F}.Debug|ARM.ActiveCfg = Debug|Any CPU
		{9594E72F-6CDD-44EB-A28B-96E3AB91081F}.Debug|ARM.Build.0 = Debug|Any CPU
		{9594E72F-6CDD-44EB-A28B-96E3AB91081F}.Debug|x64.ActiveCfg = Debug|Any CPU
		{9594E72F-6CDD-44EB-A28B-96E3AB91081F}.Debug|x64.Build.0 = Debug|Any CPU
		{9594E72F-6CDD-44EB-A28B-96E3AB91081F}.Debug|x86.ActiveCfg = Debug|Any CPU
		{9594E72F-6CDD-44EB-A28B-96E3AB91081F}.Debug|x86.Build.0 = Debug|Any CPU
		{9594E72F-6CDD-44EB-A28B-96E3AB91081F}.Release|Any CPU.ActiveCfg = Release|Any CPU
		{9594E72F-6CDD-44EB-A28B-96E3AB91081F}.Release|Any CPU.Build.0 = Release|Any CPU
		{9594E72F-6CDD-44EB-A28B-96E3AB91081F}.Release|ARM.ActiveCfg = Release|Any CPU
		{9594E72F-6CDD-44EB-A28B-96E3AB91081F}.Release|ARM.Build.0 = Release|Any CPU
		{9594E72F-6CDD-44EB-A28B-96E3AB91081F}.Release|x64.ActiveCfg = Release|Any CPU
		{9594E72F-6CDD-44EB-A28B-96E3AB91081F}.Release|x64.Build.0 = Release|Any CPU
		{9594E72F-6CDD-44EB-A28B-96E3AB91081F}.Release|x86.ActiveCfg = Release|Any CPU
		{9594E72F-6CDD-44EB-A28B-96E3AB91081F}.Release|x86.Build.0 = Release|Any CPU
		{33941E8C-0F13-4205-9AF8-1E97835FE932}.Debug|Any CPU.ActiveCfg = Debug|Any CPU
		{33941E8C-0F13-4205-9AF8-1E97835FE932}.Debug|Any CPU.Build.0 = Debug|Any CPU
		{33941E8C-0F13-4205-9AF8-1E97835FE932}.Debug|ARM.ActiveCfg = Debug|Any CPU
		{33941E8C-0F13-4205-9AF8-1E97835FE932}.Debug|ARM.Build.0 = Debug|Any CPU
		{33941E8C-0F13-4205-9AF8-1E97835FE932}.Debug|x64.ActiveCfg = Debug|Any CPU
		{33941E8C-0F13-4205-9AF8-1E97835FE932}.Debug|x64.Build.0 = Debug|Any CPU
		{33941E8C-0F13-4205-9AF8-1E97835FE932}.Debug|x86.ActiveCfg = Debug|Any CPU
		{33941E8C-0F13-4205-9AF8-1E97835FE932}.Debug|x86.Build.0 = Debug|Any CPU
		{33941E8C-0F13-4205-9AF8-1E97835FE932}.Release|Any CPU.ActiveCfg = Release|Any CPU
		{33941E8C-0F13-4205-9AF8-1E97835FE932}.Release|Any CPU.Build.0 = Release|Any CPU
		{33941E8C-0F13-4205-9AF8-1E97835FE932}.Release|ARM.ActiveCfg = Release|Any CPU
		{33941E8C-0F13-4205-9AF8-1E97835FE932}.Release|ARM.Build.0 = Release|Any CPU
		{33941E8C-0F13-4205-9AF8-1E97835FE932}.Release|x64.ActiveCfg = Release|Any CPU
		{33941E8C-0F13-4205-9AF8-1E97835FE932}.Release|x64.Build.0 = Release|Any CPU
		{33941E8C-0F13-4205-9AF8-1E97835FE932}.Release|x86.ActiveCfg = Release|Any CPU
		{33941E8C-0F13-4205-9AF8-1E97835FE932}.Release|x86.Build.0 = Release|Any CPU
		{AB0B8552-BDA0-43A2-BAAF-E4FF6F529056}.Debug|Any CPU.ActiveCfg = Debug|Any CPU
		{AB0B8552-BDA0-43A2-BAAF-E4FF6F529056}.Debug|Any CPU.Build.0 = Debug|Any CPU
		{AB0B8552-BDA0-43A2-BAAF-E4FF6F529056}.Debug|ARM.ActiveCfg = Debug|Any CPU
		{AB0B8552-BDA0-43A2-BAAF-E4FF6F529056}.Debug|ARM.Build.0 = Debug|Any CPU
		{AB0B8552-BDA0-43A2-BAAF-E4FF6F529056}.Debug|x64.ActiveCfg = Debug|Any CPU
		{AB0B8552-BDA0-43A2-BAAF-E4FF6F529056}.Debug|x64.Build.0 = Debug|Any CPU
		{AB0B8552-BDA0-43A2-BAAF-E4FF6F529056}.Debug|x86.ActiveCfg = Debug|Any CPU
		{AB0B8552-BDA0-43A2-BAAF-E4FF6F529056}.Debug|x86.Build.0 = Debug|Any CPU
		{AB0B8552-BDA0-43A2-BAAF-E4FF6F529056}.Release|Any CPU.ActiveCfg = Release|Any CPU
		{AB0B8552-BDA0-43A2-BAAF-E4FF6F529056}.Release|Any CPU.Build.0 = Release|Any CPU
		{AB0B8552-BDA0-43A2-BAAF-E4FF6F529056}.Release|ARM.ActiveCfg = Release|Any CPU
		{AB0B8552-BDA0-43A2-BAAF-E4FF6F529056}.Release|ARM.Build.0 = Release|Any CPU
		{AB0B8552-BDA0-43A2-BAAF-E4FF6F529056}.Release|x64.ActiveCfg = Release|Any CPU
		{AB0B8552-BDA0-43A2-BAAF-E4FF6F529056}.Release|x64.Build.0 = Release|Any CPU
		{AB0B8552-BDA0-43A2-BAAF-E4FF6F529056}.Release|x86.ActiveCfg = Release|Any CPU
		{AB0B8552-BDA0-43A2-BAAF-E4FF6F529056}.Release|x86.Build.0 = Release|Any CPU
	EndGlobalSection
	GlobalSection(SolutionProperties) = preSolution
		HideSolutionNode = FALSE
	EndGlobalSection
	GlobalSection(NestedProjects) = preSolution
		{6E0309CA-32DF-4CF3-9865-9753186396F9} = {25946628-2217-4040-A7DA-95CB27CC3905}
		{AAC4FF96-B77A-42DE-BF05-064363D924D1} = {770B84D1-B8F8-4F32-BCF0-2B011D5CE54F}
		{959006C6-2A1C-4282-964B-81969E396EA6} = {742B9856-B85F-41CC-9F4A-C62419394190}
		{FAC9810E-3209-4097-A8E6-1F1F9C6910E1} = {742B9856-B85F-41CC-9F4A-C62419394190}
		{4B170CF7-A3BF-4E28-9935-60A68A6EC56E} = {770B84D1-B8F8-4F32-BCF0-2B011D5CE54F}
		{A6FB1A91-6F69-4301-A31A-CF0CA76565EA} = {3E417D17-528D-4281-8A85-67AB237D9946}
		{9C8C6DB9-3232-4FCC-B546-B6C8DE762523} = {742B9856-B85F-41CC-9F4A-C62419394190}
		{8A815595-D468-415A-8964-603F43B886BE} = {25946628-2217-4040-A7DA-95CB27CC3905}
		{41D85732-219A-41DA-A52A-75A69744EC57} = {25946628-2217-4040-A7DA-95CB27CC3905}
		{E7A9C331-5E2F-4151-81BD-E7EF359BEDFB} = {770B84D1-B8F8-4F32-BCF0-2B011D5CE54F}
		{C94AEE6F-B063-42DD-8C74-41773CAC0BA7} = {DDCA49A4-133B-44C4-99FE-8AAF3BA1D0F8}
		{2E3BC6FE-6D19-472B-B6FA-84C97463BC90} = {25946628-2217-4040-A7DA-95CB27CC3905}
		{0CCC8083-7821-4571-ACB4-2DFAA5E1953F} = {770B84D1-B8F8-4F32-BCF0-2B011D5CE54F}
		{2A695614-FFF0-4A6A-A98F-2679F5A8ACF1} = {770B84D1-B8F8-4F32-BCF0-2B011D5CE54F}
		{9A5C0573-0DC3-42BD-AEDC-FC685B72ED7C} = {DDCA49A4-133B-44C4-99FE-8AAF3BA1D0F8}
		{6AF2BFBC-458A-47E5-81F6-F13B4DE44452} = {770B84D1-B8F8-4F32-BCF0-2B011D5CE54F}
		{9594E72F-6CDD-44EB-A28B-96E3AB91081F} = {3E417D17-528D-4281-8A85-67AB237D9946}
		{33941E8C-0F13-4205-9AF8-1E97835FE932} = {3E417D17-528D-4281-8A85-67AB237D9946}
		{AB0B8552-BDA0-43A2-BAAF-E4FF6F529056} = {770B84D1-B8F8-4F32-BCF0-2B011D5CE54F}
	EndGlobalSection
	GlobalSection(ExtensibilityGlobals) = postSolution
		SolutionGuid = {3D47F416-C560-4804-BF40-0A19335FDB7C}
	EndGlobalSection
EndGlobal
