
Microsoft Visual Studio Solution File, Format Version 12.00
# Visual Studio 15
VisualStudioVersion = 15.0.27004.2008
MinimumVisualStudioVersion = 10.0.40219.1
Project("{9A19103F-16F7-4668-BE54-9A1E7A4F7556}") = "ZmqNet.Rpc.Core", "ZmqNet\ZmqNetCore\ZmqNet.Rpc.Core.csproj", "{6E0309CA-32DF-4CF3-9865-9753186396F9}"
EndProject
Project("{9A19103F-16F7-4668-BE54-9A1E7A4F7556}") = "ZmqNet.Api.Contract", "ZmqNet\ApiContract\ZmqNet.Api.Contract.csproj", "{75A681FD-AC08-4465-94D4-27B7421ACD57}"
EndProject
Project("{9A19103F-16F7-4668-BE54-9A1E7A4F7556}") = "ZmqNet.Api.WebApi", "ZmqNet\WebApi\ZmqNet.Api.WebApi.csproj", "{44865424-F0A2-4687-929B-574D99A3690D}"
EndProject
Project("{2150E333-8FDC-42A3-9474-1A3956D46DE8}") = "Rpc", "Rpc", "{077B94AA-9FAB-4BDA-BE34-3196AB3012CB}"
EndProject
Project("{2150E333-8FDC-42A3-9474-1A3956D46DE8}") = "Api", "Api", "{25946628-2217-4040-A7DA-95CB27CC3905}"
EndProject
Project("{2150E333-8FDC-42A3-9474-1A3956D46DE8}") = "Service", "Service", "{72F24744-3D23-4FC5-9C33-E50FDBEF9F6D}"
EndProject
Project("{2150E333-8FDC-42A3-9474-1A3956D46DE8}") = "HttpRoute", "HttpRoute", "{DDCA49A4-133B-44C4-99FE-8AAF3BA1D0F8}"
EndProject
Project("{9A19103F-16F7-4668-BE54-9A1E7A4F7556}") = "ZmqNet.Http.Route", "ZmqNet\HttpRoute\HttpRoute\ZmqNet.Http.Route.csproj", "{6BCD29DE-95EB-4FBE-95B5-53B6F85EE3D7}"
EndProject
Project("{9A19103F-16F7-4668-BE54-9A1E7A4F7556}") = "RpcTest", "test\RpcTest\RpcTest.csproj", "{AAC4FF96-B77A-42DE-BF05-064363D924D1}"
EndProject
Project("{9A19103F-16F7-4668-BE54-9A1E7A4F7556}") = "ZmqPlan", "ZmqNet\ZmqPlan\ZmqPlan.csproj", "{95610DE7-477D-4B55-B756-06E5EF24E70A}"
EndProject
Global
	GlobalSection(SolutionConfigurationPlatforms) = preSolution
		Debug|Any CPU = Debug|Any CPU
		Debug|x64 = Debug|x64
		Debug|x86 = Debug|x86
		Release|Any CPU = Release|Any CPU
		Release|x64 = Release|x64
		Release|x86 = Release|x86
	EndGlobalSection
	GlobalSection(ProjectConfigurationPlatforms) = postSolution
		{6E0309CA-32DF-4CF3-9865-9753186396F9}.Debug|Any CPU.ActiveCfg = Debug|Any CPU
		{6E0309CA-32DF-4CF3-9865-9753186396F9}.Debug|Any CPU.Build.0 = Debug|Any CPU
		{6E0309CA-32DF-4CF3-9865-9753186396F9}.Debug|x64.ActiveCfg = Debug|Any CPU
		{6E0309CA-32DF-4CF3-9865-9753186396F9}.Debug|x64.Build.0 = Debug|Any CPU
		{6E0309CA-32DF-4CF3-9865-9753186396F9}.Debug|x86.ActiveCfg = Debug|Any CPU
		{6E0309CA-32DF-4CF3-9865-9753186396F9}.Debug|x86.Build.0 = Debug|Any CPU
		{6E0309CA-32DF-4CF3-9865-9753186396F9}.Release|Any CPU.ActiveCfg = Release|Any CPU
		{6E0309CA-32DF-4CF3-9865-9753186396F9}.Release|Any CPU.Build.0 = Release|Any CPU
		{6E0309CA-32DF-4CF3-9865-9753186396F9}.Release|x64.ActiveCfg = Release|Any CPU
		{6E0309CA-32DF-4CF3-9865-9753186396F9}.Release|x64.Build.0 = Release|Any CPU
		{6E0309CA-32DF-4CF3-9865-9753186396F9}.Release|x86.ActiveCfg = Release|Any CPU
		{6E0309CA-32DF-4CF3-9865-9753186396F9}.Release|x86.Build.0 = Release|Any CPU
		{75A681FD-AC08-4465-94D4-27B7421ACD57}.Debug|Any CPU.ActiveCfg = Debug|Any CPU
		{75A681FD-AC08-4465-94D4-27B7421ACD57}.Debug|Any CPU.Build.0 = Debug|Any CPU
		{75A681FD-AC08-4465-94D4-27B7421ACD57}.Debug|x64.ActiveCfg = Debug|Any CPU
		{75A681FD-AC08-4465-94D4-27B7421ACD57}.Debug|x64.Build.0 = Debug|Any CPU
		{75A681FD-AC08-4465-94D4-27B7421ACD57}.Debug|x86.ActiveCfg = Debug|Any CPU
		{75A681FD-AC08-4465-94D4-27B7421ACD57}.Debug|x86.Build.0 = Debug|Any CPU
		{75A681FD-AC08-4465-94D4-27B7421ACD57}.Release|Any CPU.ActiveCfg = Release|Any CPU
		{75A681FD-AC08-4465-94D4-27B7421ACD57}.Release|Any CPU.Build.0 = Release|Any CPU
		{75A681FD-AC08-4465-94D4-27B7421ACD57}.Release|x64.ActiveCfg = Release|Any CPU
		{75A681FD-AC08-4465-94D4-27B7421ACD57}.Release|x64.Build.0 = Release|Any CPU
		{75A681FD-AC08-4465-94D4-27B7421ACD57}.Release|x86.ActiveCfg = Release|Any CPU
		{75A681FD-AC08-4465-94D4-27B7421ACD57}.Release|x86.Build.0 = Release|Any CPU
		{44865424-F0A2-4687-929B-574D99A3690D}.Debug|Any CPU.ActiveCfg = Debug|Any CPU
		{44865424-F0A2-4687-929B-574D99A3690D}.Debug|Any CPU.Build.0 = Debug|Any CPU
		{44865424-F0A2-4687-929B-574D99A3690D}.Debug|x64.ActiveCfg = Debug|Any CPU
		{44865424-F0A2-4687-929B-574D99A3690D}.Debug|x64.Build.0 = Debug|Any CPU
		{44865424-F0A2-4687-929B-574D99A3690D}.Debug|x86.ActiveCfg = Debug|Any CPU
		{44865424-F0A2-4687-929B-574D99A3690D}.Debug|x86.Build.0 = Debug|Any CPU
		{44865424-F0A2-4687-929B-574D99A3690D}.Release|Any CPU.ActiveCfg = Release|Any CPU
		{44865424-F0A2-4687-929B-574D99A3690D}.Release|Any CPU.Build.0 = Release|Any CPU
		{44865424-F0A2-4687-929B-574D99A3690D}.Release|x64.ActiveCfg = Release|Any CPU
		{44865424-F0A2-4687-929B-574D99A3690D}.Release|x64.Build.0 = Release|Any CPU
		{44865424-F0A2-4687-929B-574D99A3690D}.Release|x86.ActiveCfg = Release|Any CPU
		{44865424-F0A2-4687-929B-574D99A3690D}.Release|x86.Build.0 = Release|Any CPU
		{6BCD29DE-95EB-4FBE-95B5-53B6F85EE3D7}.Debug|Any CPU.ActiveCfg = Debug|Any CPU
		{6BCD29DE-95EB-4FBE-95B5-53B6F85EE3D7}.Debug|Any CPU.Build.0 = Debug|Any CPU
		{6BCD29DE-95EB-4FBE-95B5-53B6F85EE3D7}.Debug|x64.ActiveCfg = Debug|Any CPU
		{6BCD29DE-95EB-4FBE-95B5-53B6F85EE3D7}.Debug|x64.Build.0 = Debug|Any CPU
		{6BCD29DE-95EB-4FBE-95B5-53B6F85EE3D7}.Debug|x86.ActiveCfg = Debug|Any CPU
		{6BCD29DE-95EB-4FBE-95B5-53B6F85EE3D7}.Debug|x86.Build.0 = Debug|Any CPU
		{6BCD29DE-95EB-4FBE-95B5-53B6F85EE3D7}.Release|Any CPU.ActiveCfg = Release|Any CPU
		{6BCD29DE-95EB-4FBE-95B5-53B6F85EE3D7}.Release|Any CPU.Build.0 = Release|Any CPU
		{6BCD29DE-95EB-4FBE-95B5-53B6F85EE3D7}.Release|x64.ActiveCfg = Release|Any CPU
		{6BCD29DE-95EB-4FBE-95B5-53B6F85EE3D7}.Release|x64.Build.0 = Release|Any CPU
		{6BCD29DE-95EB-4FBE-95B5-53B6F85EE3D7}.Release|x86.ActiveCfg = Release|Any CPU
		{6BCD29DE-95EB-4FBE-95B5-53B6F85EE3D7}.Release|x86.Build.0 = Release|Any CPU
		{AAC4FF96-B77A-42DE-BF05-064363D924D1}.Debug|Any CPU.ActiveCfg = Debug|Any CPU
		{AAC4FF96-B77A-42DE-BF05-064363D924D1}.Debug|Any CPU.Build.0 = Debug|Any CPU
		{AAC4FF96-B77A-42DE-BF05-064363D924D1}.Debug|x64.ActiveCfg = Debug|Any CPU
		{AAC4FF96-B77A-42DE-BF05-064363D924D1}.Debug|x64.Build.0 = Debug|Any CPU
		{AAC4FF96-B77A-42DE-BF05-064363D924D1}.Debug|x86.ActiveCfg = Debug|Any CPU
		{AAC4FF96-B77A-42DE-BF05-064363D924D1}.Debug|x86.Build.0 = Debug|Any CPU
		{AAC4FF96-B77A-42DE-BF05-064363D924D1}.Release|Any CPU.ActiveCfg = Release|Any CPU
		{AAC4FF96-B77A-42DE-BF05-064363D924D1}.Release|Any CPU.Build.0 = Release|Any CPU
		{AAC4FF96-B77A-42DE-BF05-064363D924D1}.Release|x64.ActiveCfg = Release|Any CPU
		{AAC4FF96-B77A-42DE-BF05-064363D924D1}.Release|x64.Build.0 = Release|Any CPU
		{AAC4FF96-B77A-42DE-BF05-064363D924D1}.Release|x86.ActiveCfg = Release|Any CPU
		{AAC4FF96-B77A-42DE-BF05-064363D924D1}.Release|x86.Build.0 = Release|Any CPU
		{95610DE7-477D-4B55-B756-06E5EF24E70A}.Debug|Any CPU.ActiveCfg = Debug|Any CPU
		{95610DE7-477D-4B55-B756-06E5EF24E70A}.Debug|Any CPU.Build.0 = Debug|Any CPU
		{95610DE7-477D-4B55-B756-06E5EF24E70A}.Debug|x64.ActiveCfg = Debug|Any CPU
		{95610DE7-477D-4B55-B756-06E5EF24E70A}.Debug|x64.Build.0 = Debug|Any CPU
		{95610DE7-477D-4B55-B756-06E5EF24E70A}.Debug|x86.ActiveCfg = Debug|Any CPU
		{95610DE7-477D-4B55-B756-06E5EF24E70A}.Debug|x86.Build.0 = Debug|Any CPU
		{95610DE7-477D-4B55-B756-06E5EF24E70A}.Release|Any CPU.ActiveCfg = Release|Any CPU
		{95610DE7-477D-4B55-B756-06E5EF24E70A}.Release|Any CPU.Build.0 = Release|Any CPU
		{95610DE7-477D-4B55-B756-06E5EF24E70A}.Release|x64.ActiveCfg = Release|Any CPU
		{95610DE7-477D-4B55-B756-06E5EF24E70A}.Release|x64.Build.0 = Release|Any CPU
		{95610DE7-477D-4B55-B756-06E5EF24E70A}.Release|x86.ActiveCfg = Release|Any CPU
		{95610DE7-477D-4B55-B756-06E5EF24E70A}.Release|x86.Build.0 = Release|Any CPU
	EndGlobalSection
	GlobalSection(SolutionProperties) = preSolution
		HideSolutionNode = FALSE
	EndGlobalSection
	GlobalSection(NestedProjects) = preSolution
		{6E0309CA-32DF-4CF3-9865-9753186396F9} = {077B94AA-9FAB-4BDA-BE34-3196AB3012CB}
		{75A681FD-AC08-4465-94D4-27B7421ACD57} = {25946628-2217-4040-A7DA-95CB27CC3905}
		{44865424-F0A2-4687-929B-574D99A3690D} = {25946628-2217-4040-A7DA-95CB27CC3905}
		{6BCD29DE-95EB-4FBE-95B5-53B6F85EE3D7} = {DDCA49A4-133B-44C4-99FE-8AAF3BA1D0F8}
		{AAC4FF96-B77A-42DE-BF05-064363D924D1} = {077B94AA-9FAB-4BDA-BE34-3196AB3012CB}
		{95610DE7-477D-4B55-B756-06E5EF24E70A} = {077B94AA-9FAB-4BDA-BE34-3196AB3012CB}
	EndGlobalSection
	GlobalSection(ExtensibilityGlobals) = postSolution
		SolutionGuid = {3D47F416-C560-4804-BF40-0A19335FDB7C}
	EndGlobalSection
EndGlobal
