
Microsoft Visual Studio Solution File, Format Version 12.00
# Visual Studio 15
VisualStudioVersion = 15.0.27130.2024
MinimumVisualStudioVersion = 10.0.40219.1
Project("{9A19103F-16F7-4668-BE54-9A1E7A4F7556}") = "Agebull.ZeroNet.Core", "ZmqNet\ZmqNetCore\Agebull.ZeroNet.Core.csproj", "{6E0309CA-32DF-4CF3-9865-9753186396F9}"
EndProject
Project("{9A19103F-16F7-4668-BE54-9A1E7A4F7556}") = "Agebull.ZeroNet.Contract", "ZmqNet\ApiContract\Agebull.ZeroNet.Contract.csproj", "{75A681FD-AC08-4465-94D4-27B7421ACD57}"
EndProject
Project("{9A19103F-16F7-4668-BE54-9A1E7A4F7556}") = "ZmqNet.Api.WebApi", "ZmqNet\WebApi\ZmqNet.Api.WebApi.csproj", "{44865424-F0A2-4687-929B-574D99A3690D}"
EndProject
Project("{2150E333-8FDC-42A3-9474-1A3956D46DE8}") = "Rpc", "Rpc", "{077B94AA-9FAB-4BDA-BE34-3196AB3012CB}"
EndProject
Project("{2150E333-8FDC-42A3-9474-1A3956D46DE8}") = "Api", "Api", "{25946628-2217-4040-A7DA-95CB27CC3905}"
EndProject
Project("{2150E333-8FDC-42A3-9474-1A3956D46DE8}") = "HttpRoute", "HttpRoute", "{DDCA49A4-133B-44C4-99FE-8AAF3BA1D0F8}"
EndProject
Project("{9A19103F-16F7-4668-BE54-9A1E7A4F7556}") = "ZeroNet.Http.Route", "ZmqNet\HttpRoute\HttpRoute\ZeroNet.Http.Route.csproj", "{6BCD29DE-95EB-4FBE-95B5-53B6F85EE3D7}"
EndProject
Project("{9A19103F-16F7-4668-BE54-9A1E7A4F7556}") = "RpcTest", "test\RpcTest\RpcTest.csproj", "{AAC4FF96-B77A-42DE-BF05-064363D924D1}"
EndProject
Project("{9A19103F-16F7-4668-BE54-9A1E7A4F7556}") = "ZmqPlan", "ZmqNet\ZmqPlan\ZmqPlan.csproj", "{95610DE7-477D-4B55-B756-06E5EF24E70A}"
EndProject
Project("{9A19103F-16F7-4668-BE54-9A1E7A4F7556}") = "Agebull.ZeroNet.LogRecorder", "RemoteLog\LogRecorder\Agebull.ZeroNet.LogRecorder.csproj", "{AF4E86AA-D205-43CD-89AE-F453C17E0A8E}"
EndProject
Project("{2150E333-8FDC-42A3-9474-1A3956D46DE8}") = "RemoteLog", "RemoteLog", "{76B86567-6D46-40F7-A37C-0A4C2D59BA97}"
EndProject
Project("{9A19103F-16F7-4668-BE54-9A1E7A4F7556}") = "Agebull.ZeroNet.LogService", "RemoteLog\LogService\Agebull.ZeroNet.LogService.csproj", "{959006C6-2A1C-4282-964B-81969E396EA6}"
EndProject
Project("{2150E333-8FDC-42A3-9474-1A3956D46DE8}") = "HealthCenter", "HealthCenter", "{6C7BE6AC-ACC9-4805-80CA-34031549861F}"
EndProject
Project("{9A19103F-16F7-4668-BE54-9A1E7A4F7556}") = "ZeroNet.Http.RouteBasics", "ZmqNet\HttpRoute\RouteBasics\ZeroNet.Http.RouteBasics.csproj", "{A2192E6A-1072-4E45-8A3A-CF729E3BB640}"
EndProject
Project("{9A19103F-16F7-4668-BE54-9A1E7A4F7556}") = "Agebull.ZeroNet.HealthReporter", "HealthCenter\HealthReporter\Agebull.ZeroNet.HealthReporter.csproj", "{2CFE400A-75F7-42E3-ACFF-84B64934B24B}"
EndProject
Project("{9A19103F-16F7-4668-BE54-9A1E7A4F7556}") = "Agebull.ZeroNet.HealthCenter", "HealthCenter\HealthCenter\Agebull.ZeroNet.HealthCenter.csproj", "{FAC9810E-3209-4097-A8E6-1F1F9C6910E1}"
EndProject
Project("{2150E333-8FDC-42A3-9474-1A3956D46DE8}") = "ZeroCenter", "ZeroCenter", "{2197D3B2-5D15-454E-AB9F-79D2D17560AB}"
EndProject
Project("{8BC9CEB8-8B4A-11D0-8D11-00A0C91BC942}") = "ZeroCenter", "ZeroCenter\Console\ZeroCenter.vcxproj", "{324E854F-331D-4225-83C5-2764F2BCB2FA}"
EndProject
Global
	GlobalSection(SolutionConfigurationPlatforms) = preSolution
		Debug|Any CPU = Debug|Any CPU
		Debug|x64 = Debug|x64
		Debug|x86 = Debug|x86
		Release|Any CPU = Release|Any CPU
		Release|x64 = Release|x64
		Release|x86 = Release|x86
	EndGlobalSection
	GlobalSection(ProjectConfigurationPlatforms) = postSolution
		{6E0309CA-32DF-4CF3-9865-9753186396F9}.Debug|Any CPU.ActiveCfg = Debug|Any CPU
		{6E0309CA-32DF-4CF3-9865-9753186396F9}.Debug|Any CPU.Build.0 = Debug|Any CPU
		{6E0309CA-32DF-4CF3-9865-9753186396F9}.Debug|x64.ActiveCfg = Debug|Any CPU
		{6E0309CA-32DF-4CF3-9865-9753186396F9}.Debug|x64.Build.0 = Debug|Any CPU
		{6E0309CA-32DF-4CF3-9865-9753186396F9}.Debug|x86.ActiveCfg = Debug|Any CPU
		{6E0309CA-32DF-4CF3-9865-9753186396F9}.Debug|x86.Build.0 = Debug|Any CPU
		{6E0309CA-32DF-4CF3-9865-9753186396F9}.Release|Any CPU.ActiveCfg = Release|Any CPU
		{6E0309CA-32DF-4CF3-9865-9753186396F9}.Release|Any CPU.Build.0 = Release|Any CPU
		{6E0309CA-32DF-4CF3-9865-9753186396F9}.Release|x64.ActiveCfg = Release|Any CPU
		{6E0309CA-32DF-4CF3-9865-9753186396F9}.Release|x64.Build.0 = Release|Any CPU
		{6E0309CA-32DF-4CF3-9865-9753186396F9}.Release|x86.ActiveCfg = Release|Any CPU
		{6E0309CA-32DF-4CF3-9865-9753186396F9}.Release|x86.Build.0 = Release|Any CPU
		{75A681FD-AC08-4465-94D4-27B7421ACD57}.Debug|Any CPU.ActiveCfg = Debug|Any CPU
		{75A681FD-AC08-4465-94D4-27B7421ACD57}.Debug|Any CPU.Build.0 = Debug|Any CPU
		{75A681FD-AC08-4465-94D4-27B7421ACD57}.Debug|x64.ActiveCfg = Debug|Any CPU
		{75A681FD-AC08-4465-94D4-27B7421ACD57}.Debug|x64.Build.0 = Debug|Any CPU
		{75A681FD-AC08-4465-94D4-27B7421ACD57}.Debug|x86.ActiveCfg = Debug|Any CPU
		{75A681FD-AC08-4465-94D4-27B7421ACD57}.Debug|x86.Build.0 = Debug|Any CPU
		{75A681FD-AC08-4465-94D4-27B7421ACD57}.Release|Any CPU.ActiveCfg = Release|Any CPU
		{75A681FD-AC08-4465-94D4-27B7421ACD57}.Release|Any CPU.Build.0 = Release|Any CPU
		{75A681FD-AC08-4465-94D4-27B7421ACD57}.Release|x64.ActiveCfg = Release|Any CPU
		{75A681FD-AC08-4465-94D4-27B7421ACD57}.Release|x64.Build.0 = Release|Any CPU
		{75A681FD-AC08-4465-94D4-27B7421ACD57}.Release|x86.ActiveCfg = Release|Any CPU
		{75A681FD-AC08-4465-94D4-27B7421ACD57}.Release|x86.Build.0 = Release|Any CPU
		{44865424-F0A2-4687-929B-574D99A3690D}.Debug|Any CPU.ActiveCfg = Debug|Any CPU
		{44865424-F0A2-4687-929B-574D99A3690D}.Debug|Any CPU.Build.0 = Debug|Any CPU
		{44865424-F0A2-4687-929B-574D99A3690D}.Debug|x64.ActiveCfg = Debug|Any CPU
		{44865424-F0A2-4687-929B-574D99A3690D}.Debug|x64.Build.0 = Debug|Any CPU
		{44865424-F0A2-4687-929B-574D99A3690D}.Debug|x86.ActiveCfg = Debug|Any CPU
		{44865424-F0A2-4687-929B-574D99A3690D}.Debug|x86.Build.0 = Debug|Any CPU
		{44865424-F0A2-4687-929B-574D99A3690D}.Release|Any CPU.ActiveCfg = Release|Any CPU
		{44865424-F0A2-4687-929B-574D99A3690D}.Release|Any CPU.Build.0 = Release|Any CPU
		{44865424-F0A2-4687-929B-574D99A3690D}.Release|x64.ActiveCfg = Release|Any CPU
		{44865424-F0A2-4687-929B-574D99A3690D}.Release|x64.Build.0 = Release|Any CPU
		{44865424-F0A2-4687-929B-574D99A3690D}.Release|x86.ActiveCfg = Release|Any CPU
		{44865424-F0A2-4687-929B-574D99A3690D}.Release|x86.Build.0 = Release|Any CPU
		{6BCD29DE-95EB-4FBE-95B5-53B6F85EE3D7}.Debug|Any CPU.ActiveCfg = Debug|Any CPU
		{6BCD29DE-95EB-4FBE-95B5-53B6F85EE3D7}.Debug|Any CPU.Build.0 = Debug|Any CPU
		{6BCD29DE-95EB-4FBE-95B5-53B6F85EE3D7}.Debug|x64.ActiveCfg = Debug|Any CPU
		{6BCD29DE-95EB-4FBE-95B5-53B6F85EE3D7}.Debug|x64.Build.0 = Debug|Any CPU
		{6BCD29DE-95EB-4FBE-95B5-53B6F85EE3D7}.Debug|x86.ActiveCfg = Debug|Any CPU
		{6BCD29DE-95EB-4FBE-95B5-53B6F85EE3D7}.Debug|x86.Build.0 = Debug|Any CPU
		{6BCD29DE-95EB-4FBE-95B5-53B6F85EE3D7}.Release|Any CPU.ActiveCfg = Release|Any CPU
		{6BCD29DE-95EB-4FBE-95B5-53B6F85EE3D7}.Release|Any CPU.Build.0 = Release|Any CPU
		{6BCD29DE-95EB-4FBE-95B5-53B6F85EE3D7}.Release|x64.ActiveCfg = Release|Any CPU
		{6BCD29DE-95EB-4FBE-95B5-53B6F85EE3D7}.Release|x64.Build.0 = Release|Any CPU
		{6BCD29DE-95EB-4FBE-95B5-53B6F85EE3D7}.Release|x86.ActiveCfg = Release|Any CPU
		{6BCD29DE-95EB-4FBE-95B5-53B6F85EE3D7}.Release|x86.Build.0 = Release|Any CPU
		{AAC4FF96-B77A-42DE-BF05-064363D924D1}.Debug|Any CPU.ActiveCfg = Debug|Any CPU
		{AAC4FF96-B77A-42DE-BF05-064363D924D1}.Debug|Any CPU.Build.0 = Debug|Any CPU
		{AAC4FF96-B77A-42DE-BF05-064363D924D1}.Debug|x64.ActiveCfg = Debug|Any CPU
		{AAC4FF96-B77A-42DE-BF05-064363D924D1}.Debug|x64.Build.0 = Debug|Any CPU
		{AAC4FF96-B77A-42DE-BF05-064363D924D1}.Debug|x86.ActiveCfg = Debug|Any CPU
		{AAC4FF96-B77A-42DE-BF05-064363D924D1}.Debug|x86.Build.0 = Debug|Any CPU
		{AAC4FF96-B77A-42DE-BF05-064363D924D1}.Release|Any CPU.ActiveCfg = Release|Any CPU
		{AAC4FF96-B77A-42DE-BF05-064363D924D1}.Release|Any CPU.Build.0 = Release|Any CPU
		{AAC4FF96-B77A-42DE-BF05-064363D924D1}.Release|x64.ActiveCfg = Release|Any CPU
		{AAC4FF96-B77A-42DE-BF05-064363D924D1}.Release|x64.Build.0 = Release|Any CPU
		{AAC4FF96-B77A-42DE-BF05-064363D924D1}.Release|x86.ActiveCfg = Release|Any CPU
		{AAC4FF96-B77A-42DE-BF05-064363D924D1}.Release|x86.Build.0 = Release|Any CPU
		{95610DE7-477D-4B55-B756-06E5EF24E70A}.Debug|Any CPU.ActiveCfg = Debug|Any CPU
		{95610DE7-477D-4B55-B756-06E5EF24E70A}.Debug|Any CPU.Build.0 = Debug|Any CPU
		{95610DE7-477D-4B55-B756-06E5EF24E70A}.Debug|x64.ActiveCfg = Debug|Any CPU
		{95610DE7-477D-4B55-B756-06E5EF24E70A}.Debug|x64.Build.0 = Debug|Any CPU
		{95610DE7-477D-4B55-B756-06E5EF24E70A}.Debug|x86.ActiveCfg = Debug|Any CPU
		{95610DE7-477D-4B55-B756-06E5EF24E70A}.Debug|x86.Build.0 = Debug|Any CPU
		{95610DE7-477D-4B55-B756-06E5EF24E70A}.Release|Any CPU.ActiveCfg = Release|Any CPU
		{95610DE7-477D-4B55-B756-06E5EF24E70A}.Release|Any CPU.Build.0 = Release|Any CPU
		{95610DE7-477D-4B55-B756-06E5EF24E70A}.Release|x64.ActiveCfg = Release|Any CPU
		{95610DE7-477D-4B55-B756-06E5EF24E70A}.Release|x64.Build.0 = Release|Any CPU
		{95610DE7-477D-4B55-B756-06E5EF24E70A}.Release|x86.ActiveCfg = Release|Any CPU
		{95610DE7-477D-4B55-B756-06E5EF24E70A}.Release|x86.Build.0 = Release|Any CPU
		{AF4E86AA-D205-43CD-89AE-F453C17E0A8E}.Debug|Any CPU.ActiveCfg = Debug|Any CPU
		{AF4E86AA-D205-43CD-89AE-F453C17E0A8E}.Debug|Any CPU.Build.0 = Debug|Any CPU
		{AF4E86AA-D205-43CD-89AE-F453C17E0A8E}.Debug|x64.ActiveCfg = Debug|Any CPU
		{AF4E86AA-D205-43CD-89AE-F453C17E0A8E}.Debug|x64.Build.0 = Debug|Any CPU
		{AF4E86AA-D205-43CD-89AE-F453C17E0A8E}.Debug|x86.ActiveCfg = Debug|Any CPU
		{AF4E86AA-D205-43CD-89AE-F453C17E0A8E}.Debug|x86.Build.0 = Debug|Any CPU
		{AF4E86AA-D205-43CD-89AE-F453C17E0A8E}.Release|Any CPU.ActiveCfg = Release|Any CPU
		{AF4E86AA-D205-43CD-89AE-F453C17E0A8E}.Release|Any CPU.Build.0 = Release|Any CPU
		{AF4E86AA-D205-43CD-89AE-F453C17E0A8E}.Release|x64.ActiveCfg = Release|Any CPU
		{AF4E86AA-D205-43CD-89AE-F453C17E0A8E}.Release|x64.Build.0 = Release|Any CPU
		{AF4E86AA-D205-43CD-89AE-F453C17E0A8E}.Release|x86.ActiveCfg = Release|Any CPU
		{AF4E86AA-D205-43CD-89AE-F453C17E0A8E}.Release|x86.Build.0 = Release|Any CPU
		{959006C6-2A1C-4282-964B-81969E396EA6}.Debug|Any CPU.ActiveCfg = Debug|Any CPU
		{959006C6-2A1C-4282-964B-81969E396EA6}.Debug|Any CPU.Build.0 = Debug|Any CPU
		{959006C6-2A1C-4282-964B-81969E396EA6}.Debug|x64.ActiveCfg = Debug|Any CPU
		{959006C6-2A1C-4282-964B-81969E396EA6}.Debug|x64.Build.0 = Debug|Any CPU
		{959006C6-2A1C-4282-964B-81969E396EA6}.Debug|x86.ActiveCfg = Debug|Any CPU
		{959006C6-2A1C-4282-964B-81969E396EA6}.Debug|x86.Build.0 = Debug|Any CPU
		{959006C6-2A1C-4282-964B-81969E396EA6}.Release|Any CPU.ActiveCfg = Release|Any CPU
		{959006C6-2A1C-4282-964B-81969E396EA6}.Release|Any CPU.Build.0 = Release|Any CPU
		{959006C6-2A1C-4282-964B-81969E396EA6}.Release|x64.ActiveCfg = Release|Any CPU
		{959006C6-2A1C-4282-964B-81969E396EA6}.Release|x64.Build.0 = Release|Any CPU
		{959006C6-2A1C-4282-964B-81969E396EA6}.Release|x86.ActiveCfg = Release|Any CPU
		{959006C6-2A1C-4282-964B-81969E396EA6}.Release|x86.Build.0 = Release|Any CPU
		{A2192E6A-1072-4E45-8A3A-CF729E3BB640}.Debug|Any CPU.ActiveCfg = Debug|Any CPU
		{A2192E6A-1072-4E45-8A3A-CF729E3BB640}.Debug|Any CPU.Build.0 = Debug|Any CPU
		{A2192E6A-1072-4E45-8A3A-CF729E3BB640}.Debug|x64.ActiveCfg = Debug|Any CPU
		{A2192E6A-1072-4E45-8A3A-CF729E3BB640}.Debug|x64.Build.0 = Debug|Any CPU
		{A2192E6A-1072-4E45-8A3A-CF729E3BB640}.Debug|x86.ActiveCfg = Debug|Any CPU
		{A2192E6A-1072-4E45-8A3A-CF729E3BB640}.Debug|x86.Build.0 = Debug|Any CPU
		{A2192E6A-1072-4E45-8A3A-CF729E3BB640}.Release|Any CPU.ActiveCfg = Release|Any CPU
		{A2192E6A-1072-4E45-8A3A-CF729E3BB640}.Release|Any CPU.Build.0 = Release|Any CPU
		{A2192E6A-1072-4E45-8A3A-CF729E3BB640}.Release|x64.ActiveCfg = Release|Any CPU
		{A2192E6A-1072-4E45-8A3A-CF729E3BB640}.Release|x64.Build.0 = Release|Any CPU
		{A2192E6A-1072-4E45-8A3A-CF729E3BB640}.Release|x86.ActiveCfg = Release|Any CPU
		{A2192E6A-1072-4E45-8A3A-CF729E3BB640}.Release|x86.Build.0 = Release|Any CPU
		{2CFE400A-75F7-42E3-ACFF-84B64934B24B}.Debug|Any CPU.ActiveCfg = Debug|Any CPU
		{2CFE400A-75F7-42E3-ACFF-84B64934B24B}.Debug|Any CPU.Build.0 = Debug|Any CPU
		{2CFE400A-75F7-42E3-ACFF-84B64934B24B}.Debug|x64.ActiveCfg = Debug|Any CPU
		{2CFE400A-75F7-42E3-ACFF-84B64934B24B}.Debug|x64.Build.0 = Debug|Any CPU
		{2CFE400A-75F7-42E3-ACFF-84B64934B24B}.Debug|x86.ActiveCfg = Debug|Any CPU
		{2CFE400A-75F7-42E3-ACFF-84B64934B24B}.Debug|x86.Build.0 = Debug|Any CPU
		{2CFE400A-75F7-42E3-ACFF-84B64934B24B}.Release|Any CPU.ActiveCfg = Release|Any CPU
		{2CFE400A-75F7-42E3-ACFF-84B64934B24B}.Release|Any CPU.Build.0 = Release|Any CPU
		{2CFE400A-75F7-42E3-ACFF-84B64934B24B}.Release|x64.ActiveCfg = Release|Any CPU
		{2CFE400A-75F7-42E3-ACFF-84B64934B24B}.Release|x64.Build.0 = Release|Any CPU
		{2CFE400A-75F7-42E3-ACFF-84B64934B24B}.Release|x86.ActiveCfg = Release|Any CPU
		{2CFE400A-75F7-42E3-ACFF-84B64934B24B}.Release|x86.Build.0 = Release|Any CPU
		{FAC9810E-3209-4097-A8E6-1F1F9C6910E1}.Debug|Any CPU.ActiveCfg = Debug|Any CPU
		{FAC9810E-3209-4097-A8E6-1F1F9C6910E1}.Debug|Any CPU.Build.0 = Debug|Any CPU
		{FAC9810E-3209-4097-A8E6-1F1F9C6910E1}.Debug|x64.ActiveCfg = Debug|Any CPU
		{FAC9810E-3209-4097-A8E6-1F1F9C6910E1}.Debug|x64.Build.0 = Debug|Any CPU
		{FAC9810E-3209-4097-A8E6-1F1F9C6910E1}.Debug|x86.ActiveCfg = Debug|Any CPU
		{FAC9810E-3209-4097-A8E6-1F1F9C6910E1}.Debug|x86.Build.0 = Debug|Any CPU
		{FAC9810E-3209-4097-A8E6-1F1F9C6910E1}.Release|Any CPU.ActiveCfg = Release|Any CPU
		{FAC9810E-3209-4097-A8E6-1F1F9C6910E1}.Release|Any CPU.Build.0 = Release|Any CPU
		{FAC9810E-3209-4097-A8E6-1F1F9C6910E1}.Release|x64.ActiveCfg = Release|Any CPU
		{FAC9810E-3209-4097-A8E6-1F1F9C6910E1}.Release|x64.Build.0 = Release|Any CPU
		{FAC9810E-3209-4097-A8E6-1F1F9C6910E1}.Release|x86.ActiveCfg = Release|Any CPU
		{FAC9810E-3209-4097-A8E6-1F1F9C6910E1}.Release|x86.Build.0 = Release|Any CPU
		{324E854F-331D-4225-83C5-2764F2BCB2FA}.Debug|Any CPU.ActiveCfg = Debug|Win32
		{324E854F-331D-4225-83C5-2764F2BCB2FA}.Debug|x64.ActiveCfg = Debug|x64
		{324E854F-331D-4225-83C5-2764F2BCB2FA}.Debug|x64.Build.0 = Debug|x64
		{324E854F-331D-4225-83C5-2764F2BCB2FA}.Debug|x86.ActiveCfg = Debug|Win32
		{324E854F-331D-4225-83C5-2764F2BCB2FA}.Debug|x86.Build.0 = Debug|Win32
		{324E854F-331D-4225-83C5-2764F2BCB2FA}.Release|Any CPU.ActiveCfg = Release|Win32
		{324E854F-331D-4225-83C5-2764F2BCB2FA}.Release|x64.ActiveCfg = Release|x64
		{324E854F-331D-4225-83C5-2764F2BCB2FA}.Release|x64.Build.0 = Release|x64
		{324E854F-331D-4225-83C5-2764F2BCB2FA}.Release|x86.ActiveCfg = Release|Win32
		{324E854F-331D-4225-83C5-2764F2BCB2FA}.Release|x86.Build.0 = Release|Win32
	EndGlobalSection
	GlobalSection(SolutionProperties) = preSolution
		HideSolutionNode = FALSE
	EndGlobalSection
	GlobalSection(NestedProjects) = preSolution
		{6E0309CA-32DF-4CF3-9865-9753186396F9} = {077B94AA-9FAB-4BDA-BE34-3196AB3012CB}
		{75A681FD-AC08-4465-94D4-27B7421ACD57} = {25946628-2217-4040-A7DA-95CB27CC3905}
		{44865424-F0A2-4687-929B-574D99A3690D} = {25946628-2217-4040-A7DA-95CB27CC3905}
		{6BCD29DE-95EB-4FBE-95B5-53B6F85EE3D7} = {DDCA49A4-133B-44C4-99FE-8AAF3BA1D0F8}
		{AAC4FF96-B77A-42DE-BF05-064363D924D1} = {077B94AA-9FAB-4BDA-BE34-3196AB3012CB}
		{95610DE7-477D-4B55-B756-06E5EF24E70A} = {077B94AA-9FAB-4BDA-BE34-3196AB3012CB}
		{AF4E86AA-D205-43CD-89AE-F453C17E0A8E} = {76B86567-6D46-40F7-A37C-0A4C2D59BA97}
		{959006C6-2A1C-4282-964B-81969E396EA6} = {76B86567-6D46-40F7-A37C-0A4C2D59BA97}
		{A2192E6A-1072-4E45-8A3A-CF729E3BB640} = {DDCA49A4-133B-44C4-99FE-8AAF3BA1D0F8}
		{2CFE400A-75F7-42E3-ACFF-84B64934B24B} = {6C7BE6AC-ACC9-4805-80CA-34031549861F}
		{FAC9810E-3209-4097-A8E6-1F1F9C6910E1} = {6C7BE6AC-ACC9-4805-80CA-34031549861F}
		{324E854F-331D-4225-83C5-2764F2BCB2FA} = {2197D3B2-5D15-454E-AB9F-79D2D17560AB}
	EndGlobalSection
	GlobalSection(ExtensibilityGlobals) = postSolution
		SolutionGuid = {3D47F416-C560-4804-BF40-0A19335FDB7C}
	EndGlobalSection
EndGlobal
