
Microsoft Visual Studio Solution File, Format Version 12.00
# Visual Studio 15
VisualStudioVersion = 15.0.27703.2035
MinimumVisualStudioVersion = 10.0.40219.1
Project("{FAE04EC0-301F-11D3-BF4B-00C04F79EFBC}") = "Agebull.Common.Mvvm", "ZeroTester\WpfMvvmBase\Agebull.Common.Mvvm.csproj", "{6F6DC5D2-85EF-4BB5-82FA-BD21F7AA3053}"
EndProject
Project("{FAE04EC0-301F-11D3-BF4B-00C04F79EFBC}") = "Agebull.ZeroTester.View", "ZeroTester\Designer\Agebull.ZeroTester.View.csproj", "{030A33C1-E68A-4ED1-914C-F84ECF1469E2}"
EndProject
Project("{FAE04EC0-301F-11D3-BF4B-00C04F79EFBC}") = "Agebull.ZeroTester.Model", "ZeroTester\Model\Agebull.ZeroTester.Model.csproj", "{675EE1A7-84FE-47E4-968F-1E3D43C8C019}"
EndProject
Project("{FAE04EC0-301F-11D3-BF4B-00C04F79EFBC}") = "Agebull.Common.Entity", "ZeroTester\Entities\Agebull.Common.Entity.csproj", "{0D626DDA-02C0-4BD8-B2FD-EFEE0971510F}"
EndProject
Global
	GlobalSection(SolutionConfigurationPlatforms) = preSolution
		Debug|Any CPU = Debug|Any CPU
		Release|Any CPU = Release|Any CPU
	EndGlobalSection
	GlobalSection(ProjectConfigurationPlatforms) = postSolution
		{6F6DC5D2-85EF-4BB5-82FA-BD21F7AA3053}.Debug|Any CPU.ActiveCfg = Debug|Any CPU
		{6F6DC5D2-85EF-4BB5-82FA-BD21F7AA3053}.Debug|Any CPU.Build.0 = Debug|Any CPU
		{6F6DC5D2-85EF-4BB5-82FA-BD21F7AA3053}.Release|Any CPU.ActiveCfg = Release|Any CPU
		{6F6DC5D2-85EF-4BB5-82FA-BD21F7AA3053}.Release|Any CPU.Build.0 = Release|Any CPU
		{030A33C1-E68A-4ED1-914C-F84ECF1469E2}.Debug|Any CPU.ActiveCfg = Debug|Any CPU
		{030A33C1-E68A-4ED1-914C-F84ECF1469E2}.Debug|Any CPU.Build.0 = Debug|Any CPU
		{030A33C1-E68A-4ED1-914C-F84ECF1469E2}.Release|Any CPU.ActiveCfg = Release|Any CPU
		{030A33C1-E68A-4ED1-914C-F84ECF1469E2}.Release|Any CPU.Build.0 = Release|Any CPU
		{675EE1A7-84FE-47E4-968F-1E3D43C8C019}.Debug|Any CPU.ActiveCfg = Debug|Any CPU
		{675EE1A7-84FE-47E4-968F-1E3D43C8C019}.Debug|Any CPU.Build.0 = Debug|Any CPU
		{675EE1A7-84FE-47E4-968F-1E3D43C8C019}.Release|Any CPU.ActiveCfg = Release|Any CPU
		{675EE1A7-84FE-47E4-968F-1E3D43C8C019}.Release|Any CPU.Build.0 = Release|Any CPU
		{0D626DDA-02C0-4BD8-B2FD-EFEE0971510F}.Debug|Any CPU.ActiveCfg = Debug|Any CPU
		{0D626DDA-02C0-4BD8-B2FD-EFEE0971510F}.Debug|Any CPU.Build.0 = Debug|Any CPU
		{0D626DDA-02C0-4BD8-B2FD-EFEE0971510F}.Release|Any CPU.ActiveCfg = Release|Any CPU
		{0D626DDA-02C0-4BD8-B2FD-EFEE0971510F}.Release|Any CPU.Build.0 = Release|Any CPU
	EndGlobalSection
	GlobalSection(SolutionProperties) = preSolution
		HideSolutionNode = FALSE
	EndGlobalSection
	GlobalSection(ExtensibilityGlobals) = postSolution
		SolutionGuid = {8E188E09-AB8F-4D25-8915-E7E9333173FC}
	EndGlobalSection
EndGlobal
